{
  "version": 4,
  "terraform_version": "1.14.3",
  "serial": 49,
  "lineage": "24d7c97a-ecbd-fef1-fb0e-1aaf0addbd67",
  "outputs": {
    "dynamodb_table_name": {
      "value": "terraform-locks",
      "type": "string"
    },
    "ecr_login_command": {
      "value": "aws ecr get-login-password --region eu-west-1 | docker login --username AWS --password-stdin 961906078703.dkr.ecr.eu-west-1.amazonaws.com",
      "type": "string"
    },
    "ecr_registry_id": {
      "value": "961906078703",
      "type": "string"
    },
    "ecr_repository_name": {
      "value": "lesson-8-9-django-ecr",
      "type": "string"
    },
    "ecr_repository_url": {
      "value": "961906078703.dkr.ecr.eu-west-1.amazonaws.com/lesson-8-9-django-ecr",
      "type": "string"
    },
    "eks_cluster_ca_data": {
      "value": "LS0tLS1CRUdJTiBDRVJUSUZJQ0FURS0tLS0tCk1JSURCVENDQWUyZ0F3SUJBZ0lJQmdkVXF2NXNtaFV3RFFZSktvWklodmNOQVFFTEJRQXdGVEVUTUJFR0ExVUUKQXhNS2EzVmlaWEp1WlhSbGN6QWVGdzB5TmpBeE16RXdNalE0TlRaYUZ3MHpOakF4TWprd01qVXpOVFphTUJVeApFekFSQmdOVkJBTVRDbXQxWW1WeWJtVjBaWE13Z2dFaU1BMEdDU3FHU0liM0RRRUJBUVVBQTRJQkR3QXdnZ0VLCkFvSUJBUURJdFEzY3lwRDErOGVRamF0RHRsazRFNHJkNFhkM09lOUZjVHh0QjdsdytvRis4Y0RrMzd4cS9VN0YKVEtKclJDdVVicGJsZzJiWEtQVFRzMnR1cnV0Y2U3RkJqaHVlRjFTV2VnNFp5dkhmNEFYMGhCY05YNmdaQlQrdgpabytKU202dE85NkIwQXJFUnY4VU03RVEvdWNIRHJHQTNaYTZhelRVYmJiWk5xWlRQSG1UaGJaWGRONnZUNGdtCjFaSEhSejhuNU05OXQ5bzVaR1ZIT2NBaDU3eDRuKzlVbUY2MEZRcXBDSUMrRDZIUjVWSTVQVnp0VWRVTXcrVG4KYkFmc2RqWVN2NDlFdldDYUdEYytraUUyYmRENENzQ1lUVFZyQUU2RWdnZFMzcFJUNDgybkQvaHorSHNSc3RjYwpHV2JLSnNhdnlTdkdsdUJaNVg1TXVoNmNHMTZkQWdNQkFBR2pXVEJYTUE0R0ExVWREd0VCL3dRRUF3SUNwREFQCkJnTlZIUk1CQWY4RUJUQURBUUgvTUIwR0ExVWREZ1FXQkJRa3ptem5Iek5Hek5RcC9PR1pKNHpOSTZvc29qQVYKQmdOVkhSRUVEakFNZ2dwcmRXSmxjbTVsZEdWek1BMEdDU3FHU0liM0RRRUJDd1VBQTRJQkFRRElvdC9ZVW40NQphWmhSeU1DUWZVcUJ5WEJQeFdrejUxMTdEYmlXSm45cDJ5ZVl2TXZSYmoxZ3YwR2QrMXZab25YMjJMbWpPZm1hCnYyeWorNlFycDJVdk1VNDRsNy9jRE9ZM2VNR0lOelltMGhmNm5RaUExaUpPQWI4OTNoYy8vc2x2b3lURkdUVXgKdHFKTFlNRmZKaGszTDhkd09aN1c1bVpON0NpeCtLVzByTzJFRG1oOFpsZHpOTkxJd3dXRzdFNzJjcHhnajBTSgpOZCs4d3cwcC9WUUgrbWlPTnlnekVZbHpBSmV5T2U4ZHFBbUtmL1c5NFZxaGdDWlh1L2hkMTBFcGZMSU5Za1R0CnBjOE1Qdml1M2d2MURsVTNIcDBKUFN6b3FibUxERVlwbGF5MmFQUFBuZU5WTi9rZUtZaUxwZ050bDVvaG1OQWoKTVZwR0NPN09DdTA3Ci0tLS0tRU5EIENFUlRJRklDQVRFLS0tLS0K",
      "type": "string"
    },
    "eks_cluster_endpoint": {
      "value": "https://237E87EA919FE8690B92385BFEA0E43E.sk1.eu-west-1.eks.amazonaws.com",
      "type": "string"
    },
    "eks_cluster_name": {
      "value": "lesson-8-9-eks",
      "type": "string"
    },
    "eks_node_group_name": {
      "value": "default",
      "type": "string"
    },
    "eks_node_role_arn": {
      "value": "arn:aws:iam::961906078703:role/lesson-8-9-eks-node-role",
      "type": "string"
    },
    "jenkins_namespace": {
      "value": "jenkins",
      "type": "string"
    },
    "jenkins_release": {
      "value": "jenkins",
      "type": "string"
    },
    "kubeconfig_command": {
      "value": "aws eks update-kubeconfig --name lesson-8-9-eks --region eu-west-1",
      "type": "string"
    },
    "oidc_provider_arn": {
      "value": "arn:aws:iam::961906078703:oidc-provider/oidc.eks.eu-west-1.amazonaws.com/id/237E87EA919FE8690B92385BFEA0E43E",
      "type": "string"
    },
    "oidc_provider_url": {
      "value": "oidc.eks.eu-west-1.amazonaws.com/id/237E87EA919FE8690B92385BFEA0E43E",
      "type": "string"
    },
    "s3_bucket_name": {
      "value": "terraform-state-bucket-lesson-8-9-lichknyaz",
      "type": "string"
    }
  },
  "resources": [
    {
      "mode": "data",
      "type": "aws_eks_cluster",
      "name": "eks",
      "provider": "provider[\"registry.terraform.io/hashicorp/aws\"]",
      "instances": [
        {
          "schema_version": 0,
          "attributes": {
            "access_config": [
              {
                "authentication_mode": "CONFIG_MAP",
                "bootstrap_cluster_creator_admin_permissions": true
              }
            ],
            "arn": "arn:aws:eks:eu-west-1:961906078703:cluster/lesson-8-9-eks",
            "certificate_authority": [
              {
                "data": "LS0tLS1CRUdJTiBDRVJUSUZJQ0FURS0tLS0tCk1JSURCVENDQWUyZ0F3SUJBZ0lJQmdkVXF2NXNtaFV3RFFZSktvWklodmNOQVFFTEJRQXdGVEVUTUJFR0ExVUUKQXhNS2EzVmlaWEp1WlhSbGN6QWVGdzB5TmpBeE16RXdNalE0TlRaYUZ3MHpOakF4TWprd01qVXpOVFphTUJVeApFekFSQmdOVkJBTVRDbXQxWW1WeWJtVjBaWE13Z2dFaU1BMEdDU3FHU0liM0RRRUJBUVVBQTRJQkR3QXdnZ0VLCkFvSUJBUURJdFEzY3lwRDErOGVRamF0RHRsazRFNHJkNFhkM09lOUZjVHh0QjdsdytvRis4Y0RrMzd4cS9VN0YKVEtKclJDdVVicGJsZzJiWEtQVFRzMnR1cnV0Y2U3RkJqaHVlRjFTV2VnNFp5dkhmNEFYMGhCY05YNmdaQlQrdgpabytKU202dE85NkIwQXJFUnY4VU03RVEvdWNIRHJHQTNaYTZhelRVYmJiWk5xWlRQSG1UaGJaWGRONnZUNGdtCjFaSEhSejhuNU05OXQ5bzVaR1ZIT2NBaDU3eDRuKzlVbUY2MEZRcXBDSUMrRDZIUjVWSTVQVnp0VWRVTXcrVG4KYkFmc2RqWVN2NDlFdldDYUdEYytraUUyYmRENENzQ1lUVFZyQUU2RWdnZFMzcFJUNDgybkQvaHorSHNSc3RjYwpHV2JLSnNhdnlTdkdsdUJaNVg1TXVoNmNHMTZkQWdNQkFBR2pXVEJYTUE0R0ExVWREd0VCL3dRRUF3SUNwREFQCkJnTlZIUk1CQWY4RUJUQURBUUgvTUIwR0ExVWREZ1FXQkJRa3ptem5Iek5Hek5RcC9PR1pKNHpOSTZvc29qQVYKQmdOVkhSRUVEakFNZ2dwcmRXSmxjbTVsZEdWek1BMEdDU3FHU0liM0RRRUJDd1VBQTRJQkFRRElvdC9ZVW40NQphWmhSeU1DUWZVcUJ5WEJQeFdrejUxMTdEYmlXSm45cDJ5ZVl2TXZSYmoxZ3YwR2QrMXZab25YMjJMbWpPZm1hCnYyeWorNlFycDJVdk1VNDRsNy9jRE9ZM2VNR0lOelltMGhmNm5RaUExaUpPQWI4OTNoYy8vc2x2b3lURkdUVXgKdHFKTFlNRmZKaGszTDhkd09aN1c1bVpON0NpeCtLVzByTzJFRG1oOFpsZHpOTkxJd3dXRzdFNzJjcHhnajBTSgpOZCs4d3cwcC9WUUgrbWlPTnlnekVZbHpBSmV5T2U4ZHFBbUtmL1c5NFZxaGdDWlh1L2hkMTBFcGZMSU5Za1R0CnBjOE1Qdml1M2d2MURsVTNIcDBKUFN6b3FibUxERVlwbGF5MmFQUFBuZU5WTi9rZUtZaUxwZ050bDVvaG1OQWoKTVZwR0NPN09DdTA3Ci0tLS0tRU5EIENFUlRJRklDQVRFLS0tLS0K"
              }
            ],
            "cluster_id": null,
            "compute_config": [
              {
                "enabled": false,
                "node_pools": [],
                "node_role_arn": ""
              }
            ],
            "control_plane_scaling_config": [
              {
                "tier": "standard"
              }
            ],
            "created_at": "2026-01-31T02:49:07Z",
            "deletion_protection": false,
            "enabled_cluster_log_types": [],
            "endpoint": "https://237E87EA919FE8690B92385BFEA0E43E.sk1.eu-west-1.eks.amazonaws.com",
            "id": "lesson-8-9-eks",
            "identity": [
              {
                "oidc": [
                  {
                    "issuer": "https://oidc.eks.eu-west-1.amazonaws.com/id/237E87EA919FE8690B92385BFEA0E43E"
                  }
                ]
              }
            ],
            "kubernetes_network_config": [
              {
                "elastic_load_balancing": [
                  {
                    "enabled": false
                  }
                ],
                "ip_family": "ipv4",
                "service_ipv4_cidr": "172.20.0.0/16",
                "service_ipv6_cidr": ""
              }
            ],
            "name": "lesson-8-9-eks",
            "outpost_config": [],
            "platform_version": "eks.61",
            "region": "eu-west-1",
            "remote_network_config": [],
            "role_arn": "arn:aws:iam::961906078703:role/lesson-8-9-eks-cluster-role",
            "status": "ACTIVE",
            "storage_config": [
              {
                "block_storage": [
                  {
                    "enabled": false
                  }
                ]
              }
            ],
            "tags": {},
            "upgrade_policy": [
              {
                "support_type": "EXTENDED"
              }
            ],
            "version": "1.29",
            "vpc_config": [
              {
                "cluster_security_group_id": "sg-08c927d04c4a67bfc",
                "endpoint_private_access": true,
                "endpoint_public_access": true,
                "public_access_cidrs": ["0.0.0.0/0"],
                "security_group_ids": [],
                "subnet_ids": [
                  "subnet-02be2e391196b3182",
                  "subnet-097ca5abe8297d248",
                  "subnet-0bf7433197d3d8565"
                ],
                "vpc_id": "vpc-0922e39da420cd8ae"
              }
            ],
            "zonal_shift_config": []
          },
          "sensitive_attributes": [],
          "identity_schema_version": 0
        }
      ]
    },
    {
      "mode": "data",
      "type": "aws_eks_cluster_auth",
      "name": "eks",
      "provider": "provider[\"registry.terraform.io/hashicorp/aws\"]",
      "instances": [
        {
          "schema_version": 0,
          "attributes": {
            "id": "lesson-8-9-eks",
            "name": "lesson-8-9-eks",
            "region": "eu-west-1",
            "token": "k8s-aws-v1.aHR0cHM6Ly9zdHMuZXUtd2VzdC0xLmFtYXpvbmF3cy5jb20vP0FjdGlvbj1HZXRDYWxsZXJJZGVudGl0eSZWZXJzaW9uPTIwMTEtMDYtMTUmWC1BbXotQWxnb3JpdGhtPUFXUzQtSE1BQy1TSEEyNTYmWC1BbXotQ3JlZGVudGlhbD1BS0lBNTc1UVI2UFhVUkhKVVJBUCUyRjIwMjYwMTMxJTJGZXUtd2VzdC0xJTJGc3RzJTJGYXdzNF9yZXF1ZXN0JlgtQW16LURhdGU9MjAyNjAxMzFUMDMwNDM0WiZYLUFtei1FeHBpcmVzPTAmWC1BbXotU2lnbmVkSGVhZGVycz1ob3N0JTNCeC1rOHMtYXdzLWlkJlgtQW16LVNpZ25hdHVyZT1lMWRlNmRjYzQ2NjllOGUyODMyMGUzZGM1NGJiZWYxZTg0YmY2ODk2YTM1OTVhM2M1NDczODRmODZhYzQ0ZGJk"
          },
          "sensitive_attributes": [
            [
              {
                "type": "get_attr",
                "value": "token"
              }
            ]
          ],
          "identity_schema_version": 0
        }
      ]
    },
    {
      "module": "module.argo_cd",
      "mode": "managed",
      "type": "helm_release",
      "name": "argo_apps",
      "provider": "provider[\"registry.terraform.io/hashicorp/helm\"]",
      "instances": [
        {
          "schema_version": 2,
          "attributes": {
            "atomic": false,
            "chart": "modules/argo_cd/charts",
            "cleanup_on_fail": false,
            "create_namespace": false,
            "dependency_update": false,
            "description": null,
            "devel": null,
            "disable_crd_hooks": false,
            "disable_openapi_validation": false,
            "disable_webhooks": false,
            "force_update": false,
            "id": "argo-cd-apps",
            "keyring": null,
            "lint": false,
            "manifest": null,
            "max_history": 0,
            "metadata": {
              "app_version": "",
              "chart": "argo-apps",
              "first_deployed": 1769828794,
              "last_deployed": 1769828794,
              "name": "argo-cd-apps",
              "namespace": "argocd",
              "notes": "",
              "revision": 1,
              "values": "{\"server\":{\"service\":{\"port\":443,\"type\":\"LoadBalancer\"}}}",
              "version": "0.1.0"
            },
            "name": "argo-cd-apps",
            "namespace": "argocd",
            "pass_credentials": false,
            "postrender": null,
            "recreate_pods": false,
            "render_subchart_notes": true,
            "replace": false,
            "repository": null,
            "repository_ca_file": null,
            "repository_cert_file": null,
            "repository_key_file": null,
            "repository_password": null,
            "repository_username": null,
            "reset_values": false,
            "resources": null,
            "reuse_values": false,
            "set": null,
            "set_list": null,
            "set_sensitive": null,
            "set_wo": null,
            "set_wo_revision": null,
            "skip_crds": false,
            "status": "deployed",
            "take_ownership": false,
            "timeout": 300,
            "timeouts": null,
            "upgrade_install": false,
            "values": [
              "server:\r\n  service:\r\n    type: LoadBalancer\r\n    port: 443\r\n"
            ],
            "verify": false,
            "version": "0.1.0",
            "wait": true,
            "wait_for_jobs": false
          },
          "sensitive_attributes": [
            [
              {
                "type": "get_attr",
                "value": "repository_password"
              }
            ]
          ],
          "identity_schema_version": 0,
          "identity": {
            "namespace": "argocd",
            "release_name": "argo-cd-apps"
          },
          "dependencies": [
            "data.aws_eks_cluster_auth.eks",
            "module.argo_cd.helm_release.argo_cd",
            "module.eks.aws_eks_addon.ebs_csi_driver",
            "module.eks.aws_eks_cluster.this",
            "module.eks.aws_eks_node_group.default",
            "module.eks.aws_iam_openid_connect_provider.oidc",
            "module.eks.aws_iam_role.cluster",
            "module.eks.aws_iam_role.ebs_csi_irsa_role",
            "module.eks.aws_iam_role.node",
            "module.eks.aws_iam_role_policy_attachment.cluster_eks",
            "module.eks.aws_iam_role_policy_attachment.cluster_service",
            "module.eks.aws_iam_role_policy_attachment.ebs_irsa_policy",
            "module.eks.aws_iam_role_policy_attachment.node_cni",
            "module.eks.aws_iam_role_policy_attachment.node_ecr",
            "module.eks.aws_iam_role_policy_attachment.node_worker",
            "module.eks.data.aws_iam_policy_document.cluster_assume_role",
            "module.eks.data.aws_iam_policy_document.node_assume_role",
            "module.vpc.aws_subnet.private",
            "module.vpc.aws_vpc.main"
          ]
        }
      ]
    },
    {
      "module": "module.argo_cd",
      "mode": "managed",
      "type": "helm_release",
      "name": "argo_cd",
      "provider": "provider[\"registry.terraform.io/hashicorp/helm\"]",
      "instances": [
        {
          "schema_version": 2,
          "attributes": {
            "atomic": false,
            "chart": "argo-cd",
            "cleanup_on_fail": false,
            "create_namespace": true,
            "dependency_update": false,
            "description": null,
            "devel": null,
            "disable_crd_hooks": false,
            "disable_openapi_validation": false,
            "disable_webhooks": false,
            "force_update": false,
            "id": "argo-cd",
            "keyring": null,
            "lint": false,
            "manifest": null,
            "max_history": 0,
            "metadata": {
              "app_version": "v2.8.4",
              "chart": "argo-cd",
              "first_deployed": 1769828690,
              "last_deployed": 1769828690,
              "name": "argo-cd",
              "namespace": "argocd",
              "notes": "\n\nIn order to access the server UI you have the following options:\n\n1. kubectl port-forward service/argo-cd-argocd-server -n argocd 8080:443\n\n    and then open the browser on http://localhost:8080 and accept the certificate\n\n2. enable ingress in the values file `server.ingress.enabled` and either\n      - Add the annotation for ssl passthrough: https://argo-cd.readthedocs.io/en/stable/operator-manual/ingress/#option-1-ssl-passthrough\n      - Set the `configs.params.\"server.insecure\"` in the values file and terminate SSL at your ingress: https://argo-cd.readthedocs.io/en/stable/operator-manual/ingress/#option-2-multiple-ingress-objects-and-hosts\n\n\nAfter reaching the UI the first time you can login with username: admin and the random password generated during the installation. You can find the password by running:\n\nkubectl -n argocd get secret argocd-initial-admin-secret -o jsonpath=\"{.data.password}\" | base64 -d\n\n(You should delete the initial secret afterwards as suggested by the Getting Started Guide: https://argo-cd.readthedocs.io/en/stable/getting_started/#4-login-using-the-cli)\n",
              "revision": 1,
              "values": "{\"server\":{\"service\":{\"port\":443,\"type\":\"LoadBalancer\"}}}",
              "version": "5.46.4"
            },
            "name": "argo-cd",
            "namespace": "argocd",
            "pass_credentials": false,
            "postrender": null,
            "recreate_pods": false,
            "render_subchart_notes": true,
            "replace": false,
            "repository": "https://argoproj.github.io/argo-helm",
            "repository_ca_file": null,
            "repository_cert_file": null,
            "repository_key_file": null,
            "repository_password": null,
            "repository_username": null,
            "reset_values": false,
            "resources": null,
            "reuse_values": false,
            "set": null,
            "set_list": null,
            "set_sensitive": null,
            "set_wo": null,
            "set_wo_revision": null,
            "skip_crds": false,
            "status": "deployed",
            "take_ownership": false,
            "timeout": 300,
            "timeouts": null,
            "upgrade_install": false,
            "values": [
              "server:\r\n  service:\r\n    type: LoadBalancer\r\n    port: 443\r\n"
            ],
            "verify": false,
            "version": "5.46.4",
            "wait": true,
            "wait_for_jobs": false
          },
          "sensitive_attributes": [
            [
              {
                "type": "get_attr",
                "value": "repository_password"
              }
            ]
          ],
          "identity_schema_version": 0,
          "identity": {
            "namespace": "argocd",
            "release_name": "argo-cd"
          },
          "dependencies": [
            "data.aws_eks_cluster_auth.eks",
            "module.eks.aws_eks_addon.ebs_csi_driver",
            "module.eks.aws_eks_cluster.this",
            "module.eks.aws_eks_node_group.default",
            "module.eks.aws_iam_openid_connect_provider.oidc",
            "module.eks.aws_iam_role.cluster",
            "module.eks.aws_iam_role.ebs_csi_irsa_role",
            "module.eks.aws_iam_role.node",
            "module.eks.aws_iam_role_policy_attachment.cluster_eks",
            "module.eks.aws_iam_role_policy_attachment.cluster_service",
            "module.eks.aws_iam_role_policy_attachment.ebs_irsa_policy",
            "module.eks.aws_iam_role_policy_attachment.node_cni",
            "module.eks.aws_iam_role_policy_attachment.node_ecr",
            "module.eks.aws_iam_role_policy_attachment.node_worker",
            "module.eks.data.aws_iam_policy_document.cluster_assume_role",
            "module.eks.data.aws_iam_policy_document.node_assume_role",
            "module.vpc.aws_subnet.private",
            "module.vpc.aws_vpc.main"
          ]
        }
      ]
    },
    {
      "module": "module.ecr",
      "mode": "data",
      "type": "aws_caller_identity",
      "name": "current",
      "provider": "provider[\"registry.terraform.io/hashicorp/aws\"]",
      "instances": [
        {
          "schema_version": 0,
          "attributes": {
            "account_id": "961906078703",
            "arn": "arn:aws:iam::961906078703:user/demo-cli",
            "id": "961906078703",
            "user_id": "AIDA575QR6PXVKK2NP2UN"
          },
          "sensitive_attributes": [],
          "identity_schema_version": 0
        }
      ]
    },
    {
      "module": "module.ecr",
      "mode": "managed",
      "type": "aws_ecr_repository",
      "name": "main",
      "provider": "provider[\"registry.terraform.io/hashicorp/aws\"]",
      "instances": [
        {
          "schema_version": 0,
          "attributes": {
            "arn": "arn:aws:ecr:eu-west-1:961906078703:repository/lesson-8-9-django-ecr",
            "encryption_configuration": [
              {
                "encryption_type": "AES256",
                "kms_key": ""
              }
            ],
            "force_delete": null,
            "id": "lesson-8-9-django-ecr",
            "image_scanning_configuration": [
              {
                "scan_on_push": true
              }
            ],
            "image_tag_mutability": "MUTABLE",
            "image_tag_mutability_exclusion_filter": [],
            "name": "lesson-8-9-django-ecr",
            "region": "eu-west-1",
            "registry_id": "961906078703",
            "repository_url": "961906078703.dkr.ecr.eu-west-1.amazonaws.com/lesson-8-9-django-ecr",
            "tags": {
              "Name": "lesson-8-9-django-ecr"
            },
            "tags_all": {
              "Name": "lesson-8-9-django-ecr"
            },
            "timeouts": null
          },
          "sensitive_attributes": [],
          "identity_schema_version": 0,
          "identity": {
            "account_id": "961906078703",
            "name": "lesson-8-9-django-ecr",
            "region": "eu-west-1"
          },
          "private": "eyJlMmJmYjczMC1lY2FhLTExZTYtOGY4OC0zNDM2M2JjN2M0YzAiOnsiZGVsZXRlIjoxMjAwMDAwMDAwMDAwfX0="
        }
      ]
    },
    {
      "module": "module.ecr",
      "mode": "managed",
      "type": "aws_ecr_repository_policy",
      "name": "main",
      "provider": "provider[\"registry.terraform.io/hashicorp/aws\"]",
      "instances": [
        {
          "schema_version": 0,
          "attributes": {
            "id": "lesson-8-9-django-ecr",
            "policy": "{\"Statement\":[{\"Action\":[\"ecr:GetDownloadUrlForLayer\",\"ecr:BatchGetImage\",\"ecr:BatchCheckLayerAvailability\"],\"Effect\":\"Allow\",\"Principal\":{\"AWS\":\"*\"},\"Sid\":\"AllowPull\"},{\"Action\":[\"ecr:GetDownloadUrlForLayer\",\"ecr:BatchGetImage\",\"ecr:PutImage\",\"ecr:InitiateLayerUpload\",\"ecr:UploadLayerPart\",\"ecr:CompleteLayerUpload\"],\"Effect\":\"Allow\",\"Principal\":{\"AWS\":\"arn:aws:iam::961906078703:root\"},\"Sid\":\"AllowPush\"}],\"Version\":\"2012-10-17\"}",
            "region": "eu-west-1",
            "registry_id": "961906078703",
            "repository": "lesson-8-9-django-ecr"
          },
          "sensitive_attributes": [],
          "identity_schema_version": 0,
          "identity": {
            "account_id": "961906078703",
            "region": "eu-west-1",
            "repository": "lesson-8-9-django-ecr"
          },
          "private": "bnVsbA==",
          "dependencies": [
            "module.ecr.aws_ecr_repository.main",
            "module.ecr.data.aws_caller_identity.current"
          ]
        }
      ]
    },
    {
      "module": "module.eks",
      "mode": "data",
      "type": "aws_iam_policy_document",
      "name": "cluster_assume_role",
      "provider": "provider[\"registry.terraform.io/hashicorp/aws\"]",
      "instances": [
        {
          "schema_version": 0,
          "attributes": {
            "id": "742302374",
            "json": "{\n  \"Version\": \"2012-10-17\",\n  \"Statement\": [\n    {\n      \"Effect\": \"Allow\",\n      \"Action\": \"sts:AssumeRole\",\n      \"Principal\": {\n        \"Service\": \"eks.amazonaws.com\"\n      }\n    }\n  ]\n}",
            "minified_json": "{\"Version\":\"2012-10-17\",\"Statement\":[{\"Effect\":\"Allow\",\"Action\":\"sts:AssumeRole\",\"Principal\":{\"Service\":\"eks.amazonaws.com\"}}]}",
            "override_json": null,
            "override_policy_documents": null,
            "policy_id": null,
            "source_json": null,
            "source_policy_documents": null,
            "statement": [
              {
                "actions": ["sts:AssumeRole"],
                "condition": [],
                "effect": "Allow",
                "not_actions": [],
                "not_principals": [],
                "not_resources": [],
                "principals": [
                  {
                    "identifiers": ["eks.amazonaws.com"],
                    "type": "Service"
                  }
                ],
                "resources": [],
                "sid": ""
              }
            ],
            "version": "2012-10-17"
          },
          "sensitive_attributes": [],
          "identity_schema_version": 0
        }
      ]
    },
    {
      "module": "module.eks",
      "mode": "data",
      "type": "aws_iam_policy_document",
      "name": "node_assume_role",
      "provider": "provider[\"registry.terraform.io/hashicorp/aws\"]",
      "instances": [
        {
          "schema_version": 0,
          "attributes": {
            "id": "1443847869",
            "json": "{\n  \"Version\": \"2012-10-17\",\n  \"Statement\": [\n    {\n      \"Effect\": \"Allow\",\n      \"Action\": \"sts:AssumeRole\",\n      \"Principal\": {\n        \"Service\": \"ec2.amazonaws.com\"\n      }\n    }\n  ]\n}",
            "minified_json": "{\"Version\":\"2012-10-17\",\"Statement\":[{\"Effect\":\"Allow\",\"Action\":\"sts:AssumeRole\",\"Principal\":{\"Service\":\"ec2.amazonaws.com\"}}]}",
            "override_json": null,
            "override_policy_documents": null,
            "policy_id": null,
            "source_json": null,
            "source_policy_documents": null,
            "statement": [
              {
                "actions": ["sts:AssumeRole"],
                "condition": [],
                "effect": "Allow",
                "not_actions": [],
                "not_principals": [],
                "not_resources": [],
                "principals": [
                  {
                    "identifiers": ["ec2.amazonaws.com"],
                    "type": "Service"
                  }
                ],
                "resources": [],
                "sid": ""
              }
            ],
            "version": "2012-10-17"
          },
          "sensitive_attributes": [],
          "identity_schema_version": 0
        }
      ]
    },
    {
      "module": "module.eks",
      "mode": "managed",
      "type": "aws_eks_addon",
      "name": "ebs_csi_driver",
      "provider": "provider[\"registry.terraform.io/hashicorp/aws\"]",
      "instances": [
        {
          "schema_version": 0,
          "attributes": {
            "addon_name": "aws-ebs-csi-driver",
            "addon_version": "v1.41.0-eksbuild.1",
            "arn": "arn:aws:eks:eu-west-1:961906078703:addon/lesson-8-9-eks/aws-ebs-csi-driver/20ce08fd-f78f-358f-ded2-1ced00b4237d",
            "cluster_name": "lesson-8-9-eks",
            "configuration_values": "",
            "created_at": "2026-01-31T02:57:29Z",
            "id": "lesson-8-9-eks:aws-ebs-csi-driver",
            "modified_at": "2026-01-31T03:04:24Z",
            "pod_identity_association": [],
            "preserve": null,
            "region": "eu-west-1",
            "resolve_conflicts_on_create": null,
            "resolve_conflicts_on_update": "PRESERVE",
            "service_account_role_arn": "arn:aws:iam::961906078703:role/lesson-8-9-eks-ebs-csi-irsa-role",
            "tags": null,
            "tags_all": {},
            "timeouts": null
          },
          "sensitive_attributes": [],
          "identity_schema_version": 0,
          "private": "eyJlMmJmYjczMC1lY2FhLTExZTYtOGY4OC0zNDM2M2JjN2M0YzAiOnsiY3JlYXRlIjoxMjAwMDAwMDAwMDAwLCJkZWxldGUiOjI0MDAwMDAwMDAwMDAsInVwZGF0ZSI6MTIwMDAwMDAwMDAwMH19",
          "dependencies": [
            "module.eks.aws_eks_cluster.this",
            "module.eks.aws_iam_openid_connect_provider.oidc",
            "module.eks.aws_iam_role.cluster",
            "module.eks.aws_iam_role.ebs_csi_irsa_role",
            "module.eks.aws_iam_role_policy_attachment.cluster_eks",
            "module.eks.aws_iam_role_policy_attachment.cluster_service",
            "module.eks.aws_iam_role_policy_attachment.ebs_irsa_policy",
            "module.eks.data.aws_iam_policy_document.cluster_assume_role",
            "module.vpc.aws_subnet.private",
            "module.vpc.aws_vpc.main"
          ]
        }
      ]
    },
    {
      "module": "module.eks",
      "mode": "managed",
      "type": "aws_eks_cluster",
      "name": "this",
      "provider": "provider[\"registry.terraform.io/hashicorp/aws\"]",
      "instances": [
        {
          "schema_version": 1,
          "attributes": {
            "access_config": [
              {
                "authentication_mode": "CONFIG_MAP",
                "bootstrap_cluster_creator_admin_permissions": true
              }
            ],
            "arn": "arn:aws:eks:eu-west-1:961906078703:cluster/lesson-8-9-eks",
            "bootstrap_self_managed_addons": true,
            "certificate_authority": [
              {
                "data": "LS0tLS1CRUdJTiBDRVJUSUZJQ0FURS0tLS0tCk1JSURCVENDQWUyZ0F3SUJBZ0lJQmdkVXF2NXNtaFV3RFFZSktvWklodmNOQVFFTEJRQXdGVEVUTUJFR0ExVUUKQXhNS2EzVmlaWEp1WlhSbGN6QWVGdzB5TmpBeE16RXdNalE0TlRaYUZ3MHpOakF4TWprd01qVXpOVFphTUJVeApFekFSQmdOVkJBTVRDbXQxWW1WeWJtVjBaWE13Z2dFaU1BMEdDU3FHU0liM0RRRUJBUVVBQTRJQkR3QXdnZ0VLCkFvSUJBUURJdFEzY3lwRDErOGVRamF0RHRsazRFNHJkNFhkM09lOUZjVHh0QjdsdytvRis4Y0RrMzd4cS9VN0YKVEtKclJDdVVicGJsZzJiWEtQVFRzMnR1cnV0Y2U3RkJqaHVlRjFTV2VnNFp5dkhmNEFYMGhCY05YNmdaQlQrdgpabytKU202dE85NkIwQXJFUnY4VU03RVEvdWNIRHJHQTNaYTZhelRVYmJiWk5xWlRQSG1UaGJaWGRONnZUNGdtCjFaSEhSejhuNU05OXQ5bzVaR1ZIT2NBaDU3eDRuKzlVbUY2MEZRcXBDSUMrRDZIUjVWSTVQVnp0VWRVTXcrVG4KYkFmc2RqWVN2NDlFdldDYUdEYytraUUyYmRENENzQ1lUVFZyQUU2RWdnZFMzcFJUNDgybkQvaHorSHNSc3RjYwpHV2JLSnNhdnlTdkdsdUJaNVg1TXVoNmNHMTZkQWdNQkFBR2pXVEJYTUE0R0ExVWREd0VCL3dRRUF3SUNwREFQCkJnTlZIUk1CQWY4RUJUQURBUUgvTUIwR0ExVWREZ1FXQkJRa3ptem5Iek5Hek5RcC9PR1pKNHpOSTZvc29qQVYKQmdOVkhSRUVEakFNZ2dwcmRXSmxjbTVsZEdWek1BMEdDU3FHU0liM0RRRUJDd1VBQTRJQkFRRElvdC9ZVW40NQphWmhSeU1DUWZVcUJ5WEJQeFdrejUxMTdEYmlXSm45cDJ5ZVl2TXZSYmoxZ3YwR2QrMXZab25YMjJMbWpPZm1hCnYyeWorNlFycDJVdk1VNDRsNy9jRE9ZM2VNR0lOelltMGhmNm5RaUExaUpPQWI4OTNoYy8vc2x2b3lURkdUVXgKdHFKTFlNRmZKaGszTDhkd09aN1c1bVpON0NpeCtLVzByTzJFRG1oOFpsZHpOTkxJd3dXRzdFNzJjcHhnajBTSgpOZCs4d3cwcC9WUUgrbWlPTnlnekVZbHpBSmV5T2U4ZHFBbUtmL1c5NFZxaGdDWlh1L2hkMTBFcGZMSU5Za1R0CnBjOE1Qdml1M2d2MURsVTNIcDBKUFN6b3FibUxERVlwbGF5MmFQUFBuZU5WTi9rZUtZaUxwZ050bDVvaG1OQWoKTVZwR0NPN09DdTA3Ci0tLS0tRU5EIENFUlRJRklDQVRFLS0tLS0K"
              }
            ],
            "cluster_id": null,
            "compute_config": [
              {
                "enabled": false,
                "node_pools": [],
                "node_role_arn": ""
              }
            ],
            "control_plane_scaling_config": [
              {
                "tier": "standard"
              }
            ],
            "created_at": "2026-01-31T02:49:07Z",
            "deletion_protection": false,
            "enabled_cluster_log_types": null,
            "encryption_config": [],
            "endpoint": "https://237E87EA919FE8690B92385BFEA0E43E.sk1.eu-west-1.eks.amazonaws.com",
            "force_update_version": null,
            "id": "lesson-8-9-eks",
            "identity": [
              {
                "oidc": [
                  {
                    "issuer": "https://oidc.eks.eu-west-1.amazonaws.com/id/237E87EA919FE8690B92385BFEA0E43E"
                  }
                ]
              }
            ],
            "kubernetes_network_config": [
              {
                "elastic_load_balancing": [
                  {
                    "enabled": false
                  }
                ],
                "ip_family": "ipv4",
                "service_ipv4_cidr": "172.20.0.0/16",
                "service_ipv6_cidr": ""
              }
            ],
            "name": "lesson-8-9-eks",
            "outpost_config": [],
            "platform_version": "eks.61",
            "region": "eu-west-1",
            "remote_network_config": [],
            "role_arn": "arn:aws:iam::961906078703:role/lesson-8-9-eks-cluster-role",
            "status": "ACTIVE",
            "storage_config": [
              {
                "block_storage": [
                  {
                    "enabled": false
                  }
                ]
              }
            ],
            "tags": null,
            "tags_all": {},
            "timeouts": null,
            "upgrade_policy": [
              {
                "support_type": "EXTENDED"
              }
            ],
            "version": "1.29",
            "vpc_config": [
              {
                "cluster_security_group_id": "sg-08c927d04c4a67bfc",
                "endpoint_private_access": true,
                "endpoint_public_access": true,
                "public_access_cidrs": ["0.0.0.0/0"],
                "security_group_ids": null,
                "subnet_ids": [
                  "subnet-02be2e391196b3182",
                  "subnet-097ca5abe8297d248",
                  "subnet-0bf7433197d3d8565"
                ],
                "vpc_id": "vpc-0922e39da420cd8ae"
              }
            ],
            "zonal_shift_config": []
          },
          "sensitive_attributes": [],
          "identity_schema_version": 0,
          "private": "eyJlMmJmYjczMC1lY2FhLTExZTYtOGY4OC0zNDM2M2JjN2M0YzAiOnsiY3JlYXRlIjoxODAwMDAwMDAwMDAwLCJkZWxldGUiOjkwMDAwMDAwMDAwMCwidXBkYXRlIjozNjAwMDAwMDAwMDAwfSwic2NoZW1hX3ZlcnNpb24iOiIxIn0=",
          "dependencies": [
            "module.eks.aws_iam_role.cluster",
            "module.eks.aws_iam_role_policy_attachment.cluster_eks",
            "module.eks.aws_iam_role_policy_attachment.cluster_service",
            "module.eks.data.aws_iam_policy_document.cluster_assume_role",
            "module.vpc.aws_subnet.private",
            "module.vpc.aws_vpc.main"
          ]
        }
      ]
    },
    {
      "module": "module.eks",
      "mode": "managed",
      "type": "aws_eks_node_group",
      "name": "default",
      "provider": "provider[\"registry.terraform.io/hashicorp/aws\"]",
      "instances": [
        {
          "schema_version": 0,
          "attributes": {
            "ami_type": "AL2_x86_64",
            "arn": "arn:aws:eks:eu-west-1:961906078703:nodegroup/lesson-8-9-eks/default/84ce08fd-ef41-2714-2173-2bc4f0733b8b",
            "capacity_type": "ON_DEMAND",
            "cluster_name": "lesson-8-9-eks",
            "disk_size": 20,
            "force_update_version": null,
            "id": "lesson-8-9-eks:default",
            "instance_types": ["t3.medium"],
            "labels": null,
            "launch_template": [],
            "node_group_name": "default",
            "node_group_name_prefix": "",
            "node_repair_config": [],
            "node_role_arn": "arn:aws:iam::961906078703:role/lesson-8-9-eks-node-role",
            "region": "eu-west-1",
            "release_version": "1.29.15-20251209",
            "remote_access": [],
            "resources": [
              {
                "autoscaling_groups": [
                  {
                    "name": "eks-default-84ce08fd-ef41-2714-2173-2bc4f0733b8b"
                  }
                ],
                "remote_access_security_group_id": ""
              }
            ],
            "scaling_config": [
              {
                "desired_size": 2,
                "max_size": 3,
                "min_size": 1
              }
            ],
            "status": "ACTIVE",
            "subnet_ids": [
              "subnet-02be2e391196b3182",
              "subnet-097ca5abe8297d248",
              "subnet-0bf7433197d3d8565"
            ],
            "tags": null,
            "tags_all": {},
            "taint": [],
            "timeouts": null,
            "update_config": [
              {
                "max_unavailable": 1,
                "max_unavailable_percentage": 0,
                "update_strategy": ""
              }
            ],
            "version": "1.29"
          },
          "sensitive_attributes": [],
          "identity_schema_version": 0,
          "private": "eyJlMmJmYjczMC1lY2FhLTExZTYtOGY4OC0zNDM2M2JjN2M0YzAiOnsiY3JlYXRlIjozNjAwMDAwMDAwMDAwLCJkZWxldGUiOjM2MDAwMDAwMDAwMDAsInVwZGF0ZSI6MzYwMDAwMDAwMDAwMH19",
          "dependencies": [
            "module.eks.aws_eks_cluster.this",
            "module.eks.aws_iam_role.cluster",
            "module.eks.aws_iam_role.node",
            "module.eks.aws_iam_role_policy_attachment.cluster_eks",
            "module.eks.aws_iam_role_policy_attachment.cluster_service",
            "module.eks.aws_iam_role_policy_attachment.node_cni",
            "module.eks.aws_iam_role_policy_attachment.node_ecr",
            "module.eks.aws_iam_role_policy_attachment.node_worker",
            "module.eks.data.aws_iam_policy_document.cluster_assume_role",
            "module.eks.data.aws_iam_policy_document.node_assume_role",
            "module.vpc.aws_subnet.private",
            "module.vpc.aws_vpc.main"
          ]
        }
      ]
    },
    {
      "module": "module.eks",
      "mode": "managed",
      "type": "aws_iam_openid_connect_provider",
      "name": "oidc",
      "provider": "provider[\"registry.terraform.io/hashicorp/aws\"]",
      "instances": [
        {
          "schema_version": 0,
          "attributes": {
            "arn": "arn:aws:iam::961906078703:oidc-provider/oidc.eks.eu-west-1.amazonaws.com/id/237E87EA919FE8690B92385BFEA0E43E",
            "client_id_list": ["sts.amazonaws.com"],
            "id": "arn:aws:iam::961906078703:oidc-provider/oidc.eks.eu-west-1.amazonaws.com/id/237E87EA919FE8690B92385BFEA0E43E",
            "tags": null,
            "tags_all": {},
            "thumbprint_list": ["9e99a48a9960b14926bb7f3b02e22da0ecd6c6f9"],
            "url": "oidc.eks.eu-west-1.amazonaws.com/id/237E87EA919FE8690B92385BFEA0E43E"
          },
          "sensitive_attributes": [],
          "identity_schema_version": 0,
          "identity": {
            "arn": "arn:aws:iam::961906078703:oidc-provider/oidc.eks.eu-west-1.amazonaws.com/id/237E87EA919FE8690B92385BFEA0E43E"
          },
          "private": "bnVsbA==",
          "dependencies": [
            "module.eks.aws_eks_cluster.this",
            "module.eks.aws_iam_role.cluster",
            "module.eks.aws_iam_role_policy_attachment.cluster_eks",
            "module.eks.aws_iam_role_policy_attachment.cluster_service",
            "module.eks.data.aws_iam_policy_document.cluster_assume_role",
            "module.vpc.aws_subnet.private",
            "module.vpc.aws_vpc.main"
          ]
        }
      ]
    },
    {
      "module": "module.eks",
      "mode": "managed",
      "type": "aws_iam_role",
      "name": "cluster",
      "provider": "provider[\"registry.terraform.io/hashicorp/aws\"]",
      "instances": [
        {
          "schema_version": 0,
          "attributes": {
            "arn": "arn:aws:iam::961906078703:role/lesson-8-9-eks-cluster-role",
            "assume_role_policy": "{\"Statement\":[{\"Action\":\"sts:AssumeRole\",\"Effect\":\"Allow\",\"Principal\":{\"Service\":\"eks.amazonaws.com\"}}],\"Version\":\"2012-10-17\"}",
            "create_date": "2026-01-31T02:48:42Z",
            "description": "",
            "force_detach_policies": false,
            "id": "lesson-8-9-eks-cluster-role",
            "inline_policy": [],
            "managed_policy_arns": [],
            "max_session_duration": 3600,
            "name": "lesson-8-9-eks-cluster-role",
            "name_prefix": "",
            "path": "/",
            "permissions_boundary": "",
            "tags": null,
            "tags_all": {},
            "unique_id": "AROA575QR6PX2YPCOSR7J"
          },
          "sensitive_attributes": [],
          "identity_schema_version": 0,
          "identity": {
            "account_id": "961906078703",
            "name": "lesson-8-9-eks-cluster-role"
          },
          "private": "bnVsbA==",
          "dependencies": [
            "module.eks.data.aws_iam_policy_document.cluster_assume_role"
          ]
        }
      ]
    },
    {
      "module": "module.eks",
      "mode": "managed",
      "type": "aws_iam_role",
      "name": "ebs_csi_irsa_role",
      "provider": "provider[\"registry.terraform.io/hashicorp/aws\"]",
      "instances": [
        {
          "schema_version": 0,
          "attributes": {
            "arn": "arn:aws:iam::961906078703:role/lesson-8-9-eks-ebs-csi-irsa-role",
            "assume_role_policy": "{\"Statement\":[{\"Action\":\"sts:AssumeRoleWithWebIdentity\",\"Condition\":{\"StringEquals\":{\"oidc.eks.eu-west-1.amazonaws.com/id/237E87EA919FE8690B92385BFEA0E43E:sub\":\"system:serviceaccount:kube-system:ebs-csi-controller-sa\"}},\"Effect\":\"Allow\",\"Principal\":{\"Federated\":\"arn:aws:iam::961906078703:oidc-provider/oidc.eks.eu-west-1.amazonaws.com/id/237E87EA919FE8690B92385BFEA0E43E\"}}],\"Version\":\"2012-10-17\"}",
            "create_date": "2026-01-31T02:57:26Z",
            "description": "",
            "force_detach_policies": false,
            "id": "lesson-8-9-eks-ebs-csi-irsa-role",
            "inline_policy": [],
            "managed_policy_arns": [],
            "max_session_duration": 3600,
            "name": "lesson-8-9-eks-ebs-csi-irsa-role",
            "name_prefix": "",
            "path": "/",
            "permissions_boundary": "",
            "tags": null,
            "tags_all": {},
            "unique_id": "AROA575QR6PXRS3AVJKP7"
          },
          "sensitive_attributes": [],
          "identity_schema_version": 0,
          "identity": {
            "account_id": "961906078703",
            "name": "lesson-8-9-eks-ebs-csi-irsa-role"
          },
          "private": "bnVsbA==",
          "dependencies": [
            "module.eks.aws_eks_cluster.this",
            "module.eks.aws_iam_openid_connect_provider.oidc",
            "module.eks.aws_iam_role.cluster",
            "module.eks.aws_iam_role_policy_attachment.cluster_eks",
            "module.eks.aws_iam_role_policy_attachment.cluster_service",
            "module.eks.data.aws_iam_policy_document.cluster_assume_role",
            "module.vpc.aws_subnet.private",
            "module.vpc.aws_vpc.main"
          ]
        }
      ]
    },
    {
      "module": "module.eks",
      "mode": "managed",
      "type": "aws_iam_role",
      "name": "node",
      "provider": "provider[\"registry.terraform.io/hashicorp/aws\"]",
      "instances": [
        {
          "schema_version": 0,
          "attributes": {
            "arn": "arn:aws:iam::961906078703:role/lesson-8-9-eks-node-role",
            "assume_role_policy": "{\"Statement\":[{\"Action\":\"sts:AssumeRole\",\"Effect\":\"Allow\",\"Principal\":{\"Service\":\"ec2.amazonaws.com\"}}],\"Version\":\"2012-10-17\"}",
            "create_date": "2026-01-31T02:48:42Z",
            "description": "",
            "force_detach_policies": false,
            "id": "lesson-8-9-eks-node-role",
            "inline_policy": [],
            "managed_policy_arns": [],
            "max_session_duration": 3600,
            "name": "lesson-8-9-eks-node-role",
            "name_prefix": "",
            "path": "/",
            "permissions_boundary": "",
            "tags": null,
            "tags_all": {},
            "unique_id": "AROA575QR6PXX33EIKF2E"
          },
          "sensitive_attributes": [],
          "identity_schema_version": 0,
          "identity": {
            "account_id": "961906078703",
            "name": "lesson-8-9-eks-node-role"
          },
          "private": "bnVsbA==",
          "dependencies": [
            "module.eks.data.aws_iam_policy_document.node_assume_role"
          ]
        }
      ]
    },
    {
      "module": "module.eks",
      "mode": "managed",
      "type": "aws_iam_role_policy_attachment",
      "name": "cluster_eks",
      "provider": "provider[\"registry.terraform.io/hashicorp/aws\"]",
      "instances": [
        {
          "schema_version": 0,
          "attributes": {
            "id": "lesson-8-9-eks-cluster-role/arn:aws:iam::aws:policy/AmazonEKSClusterPolicy",
            "policy_arn": "arn:aws:iam::aws:policy/AmazonEKSClusterPolicy",
            "role": "lesson-8-9-eks-cluster-role"
          },
          "sensitive_attributes": [],
          "identity_schema_version": 0,
          "identity": {
            "account_id": "961906078703",
            "policy_arn": "arn:aws:iam::aws:policy/AmazonEKSClusterPolicy",
            "role": "lesson-8-9-eks-cluster-role"
          },
          "private": "bnVsbA==",
          "dependencies": [
            "module.eks.aws_iam_role.cluster",
            "module.eks.data.aws_iam_policy_document.cluster_assume_role"
          ]
        }
      ]
    },
    {
      "module": "module.eks",
      "mode": "managed",
      "type": "aws_iam_role_policy_attachment",
      "name": "cluster_service",
      "provider": "provider[\"registry.terraform.io/hashicorp/aws\"]",
      "instances": [
        {
          "schema_version": 0,
          "attributes": {
            "id": "lesson-8-9-eks-cluster-role/arn:aws:iam::aws:policy/AmazonEKSServicePolicy",
            "policy_arn": "arn:aws:iam::aws:policy/AmazonEKSServicePolicy",
            "role": "lesson-8-9-eks-cluster-role"
          },
          "sensitive_attributes": [],
          "identity_schema_version": 0,
          "identity": {
            "account_id": "961906078703",
            "policy_arn": "arn:aws:iam::aws:policy/AmazonEKSServicePolicy",
            "role": "lesson-8-9-eks-cluster-role"
          },
          "private": "bnVsbA==",
          "dependencies": [
            "module.eks.aws_iam_role.cluster",
            "module.eks.data.aws_iam_policy_document.cluster_assume_role"
          ]
        }
      ]
    },
    {
      "module": "module.eks",
      "mode": "managed",
      "type": "aws_iam_role_policy_attachment",
      "name": "ebs_irsa_policy",
      "provider": "provider[\"registry.terraform.io/hashicorp/aws\"]",
      "instances": [
        {
          "schema_version": 0,
          "attributes": {
            "id": "lesson-8-9-eks-ebs-csi-irsa-role/arn:aws:iam::aws:policy/service-role/AmazonEBSCSIDriverPolicy",
            "policy_arn": "arn:aws:iam::aws:policy/service-role/AmazonEBSCSIDriverPolicy",
            "role": "lesson-8-9-eks-ebs-csi-irsa-role"
          },
          "sensitive_attributes": [],
          "identity_schema_version": 0,
          "identity": {
            "account_id": "961906078703",
            "policy_arn": "arn:aws:iam::aws:policy/service-role/AmazonEBSCSIDriverPolicy",
            "role": "lesson-8-9-eks-ebs-csi-irsa-role"
          },
          "private": "bnVsbA==",
          "dependencies": [
            "module.eks.aws_eks_cluster.this",
            "module.eks.aws_iam_openid_connect_provider.oidc",
            "module.eks.aws_iam_role.cluster",
            "module.eks.aws_iam_role.ebs_csi_irsa_role",
            "module.eks.aws_iam_role_policy_attachment.cluster_eks",
            "module.eks.aws_iam_role_policy_attachment.cluster_service",
            "module.eks.data.aws_iam_policy_document.cluster_assume_role",
            "module.vpc.aws_subnet.private",
            "module.vpc.aws_vpc.main"
          ]
        }
      ]
    },
    {
      "module": "module.eks",
      "mode": "managed",
      "type": "aws_iam_role_policy_attachment",
      "name": "node_cni",
      "provider": "provider[\"registry.terraform.io/hashicorp/aws\"]",
      "instances": [
        {
          "schema_version": 0,
          "attributes": {
            "id": "lesson-8-9-eks-node-role/arn:aws:iam::aws:policy/AmazonEKS_CNI_Policy",
            "policy_arn": "arn:aws:iam::aws:policy/AmazonEKS_CNI_Policy",
            "role": "lesson-8-9-eks-node-role"
          },
          "sensitive_attributes": [],
          "identity_schema_version": 0,
          "identity": {
            "account_id": "961906078703",
            "policy_arn": "arn:aws:iam::aws:policy/AmazonEKS_CNI_Policy",
            "role": "lesson-8-9-eks-node-role"
          },
          "private": "bnVsbA==",
          "dependencies": [
            "module.eks.aws_iam_role.node",
            "module.eks.data.aws_iam_policy_document.node_assume_role"
          ]
        }
      ]
    },
    {
      "module": "module.eks",
      "mode": "managed",
      "type": "aws_iam_role_policy_attachment",
      "name": "node_ecr",
      "provider": "provider[\"registry.terraform.io/hashicorp/aws\"]",
      "instances": [
        {
          "schema_version": 0,
          "attributes": {
            "id": "lesson-8-9-eks-node-role/arn:aws:iam::aws:policy/AmazonEC2ContainerRegistryReadOnly",
            "policy_arn": "arn:aws:iam::aws:policy/AmazonEC2ContainerRegistryReadOnly",
            "role": "lesson-8-9-eks-node-role"
          },
          "sensitive_attributes": [],
          "identity_schema_version": 0,
          "identity": {
            "account_id": "961906078703",
            "policy_arn": "arn:aws:iam::aws:policy/AmazonEC2ContainerRegistryReadOnly",
            "role": "lesson-8-9-eks-node-role"
          },
          "private": "bnVsbA==",
          "dependencies": [
            "module.eks.aws_iam_role.node",
            "module.eks.data.aws_iam_policy_document.node_assume_role"
          ]
        }
      ]
    },
    {
      "module": "module.eks",
      "mode": "managed",
      "type": "aws_iam_role_policy_attachment",
      "name": "node_worker",
      "provider": "provider[\"registry.terraform.io/hashicorp/aws\"]",
      "instances": [
        {
          "schema_version": 0,
          "attributes": {
            "id": "lesson-8-9-eks-node-role/arn:aws:iam::aws:policy/AmazonEKSWorkerNodePolicy",
            "policy_arn": "arn:aws:iam::aws:policy/AmazonEKSWorkerNodePolicy",
            "role": "lesson-8-9-eks-node-role"
          },
          "sensitive_attributes": [],
          "identity_schema_version": 0,
          "identity": {
            "account_id": "961906078703",
            "policy_arn": "arn:aws:iam::aws:policy/AmazonEKSWorkerNodePolicy",
            "role": "lesson-8-9-eks-node-role"
          },
          "private": "bnVsbA==",
          "dependencies": [
            "module.eks.aws_iam_role.node",
            "module.eks.data.aws_iam_policy_document.node_assume_role"
          ]
        }
      ]
    },
    {
      "module": "module.jenkins",
      "mode": "managed",
      "type": "aws_iam_role",
      "name": "jenkins_kaniko_role",
      "provider": "provider[\"registry.terraform.io/hashicorp/aws\"]",
      "instances": [
        {
          "schema_version": 0,
          "attributes": {
            "arn": "arn:aws:iam::961906078703:role/lesson-8-9-eks-jenkins-kaniko-role",
            "assume_role_policy": "{\"Statement\":[{\"Action\":\"sts:AssumeRoleWithWebIdentity\",\"Condition\":{\"StringEquals\":{\"oidc.eks.eu-west-1.amazonaws.com/id/237E87EA919FE8690B92385BFEA0E43E:sub\":\"system:serviceaccount:jenkins:jenkins-sa\"}},\"Effect\":\"Allow\",\"Principal\":{\"Federated\":\"arn:aws:iam::961906078703:oidc-provider/oidc.eks.eu-west-1.amazonaws.com/id/237E87EA919FE8690B92385BFEA0E43E\"}}],\"Version\":\"2012-10-17\"}",
            "create_date": "2026-01-31T02:57:26Z",
            "description": "",
            "force_detach_policies": false,
            "id": "lesson-8-9-eks-jenkins-kaniko-role",
            "inline_policy": [],
            "managed_policy_arns": [],
            "max_session_duration": 3600,
            "name": "lesson-8-9-eks-jenkins-kaniko-role",
            "name_prefix": "",
            "path": "/",
            "permissions_boundary": "",
            "tags": null,
            "tags_all": {},
            "unique_id": "AROA575QR6PXXRDTGOU56"
          },
          "sensitive_attributes": [],
          "identity_schema_version": 0,
          "identity": {
            "account_id": "961906078703",
            "name": "lesson-8-9-eks-jenkins-kaniko-role"
          },
          "private": "bnVsbA==",
          "dependencies": [
            "module.eks.aws_eks_cluster.this",
            "module.eks.aws_iam_openid_connect_provider.oidc",
            "module.eks.aws_iam_role.cluster",
            "module.eks.aws_iam_role_policy_attachment.cluster_eks",
            "module.eks.aws_iam_role_policy_attachment.cluster_service",
            "module.eks.data.aws_iam_policy_document.cluster_assume_role",
            "module.vpc.aws_subnet.private",
            "module.vpc.aws_vpc.main"
          ]
        }
      ]
    },
    {
      "module": "module.jenkins",
      "mode": "managed",
      "type": "aws_iam_role_policy",
      "name": "jenkins_ecr_policy",
      "provider": "provider[\"registry.terraform.io/hashicorp/aws\"]",
      "instances": [
        {
          "schema_version": 0,
          "attributes": {
            "id": "lesson-8-9-eks-jenkins-kaniko-role:lesson-8-9-eks-jenkins-kaniko-ecr-policy",
            "name": "lesson-8-9-eks-jenkins-kaniko-ecr-policy",
            "name_prefix": "",
            "policy": "{\"Version\":\"2012-10-17\",\"Statement\":[{\"Action\":[\"ecr:GetAuthorizationToken\",\"ecr:BatchCheckLayerAvailability\",\"ecr:PutImage\",\"ecr:InitiateLayerUpload\",\"ecr:UploadLayerPart\",\"ecr:CompleteLayerUpload\",\"ecr:DescribeRepositories\"],\"Effect\":\"Allow\",\"Resource\":\"*\"}]}",
            "role": "lesson-8-9-eks-jenkins-kaniko-role"
          },
          "sensitive_attributes": [],
          "identity_schema_version": 0,
          "identity": {
            "account_id": "961906078703",
            "name": "lesson-8-9-eks-jenkins-kaniko-ecr-policy",
            "role": "lesson-8-9-eks-jenkins-kaniko-role"
          },
          "private": "bnVsbA==",
          "dependencies": [
            "module.eks.aws_eks_cluster.this",
            "module.eks.aws_iam_openid_connect_provider.oidc",
            "module.eks.aws_iam_role.cluster",
            "module.eks.aws_iam_role_policy_attachment.cluster_eks",
            "module.eks.aws_iam_role_policy_attachment.cluster_service",
            "module.eks.data.aws_iam_policy_document.cluster_assume_role",
            "module.jenkins.aws_iam_role.jenkins_kaniko_role",
            "module.vpc.aws_subnet.private",
            "module.vpc.aws_vpc.main"
          ]
        }
      ]
    },
    {
      "module": "module.jenkins",
      "mode": "managed",
      "type": "helm_release",
      "name": "jenkins",
      "provider": "provider[\"registry.terraform.io/hashicorp/helm\"]",
      "instances": [
        {
          "schema_version": 2,
          "attributes": {
            "atomic": false,
            "chart": "jenkins",
            "cleanup_on_fail": false,
            "create_namespace": true,
            "dependency_update": false,
            "description": null,
            "devel": null,
            "disable_crd_hooks": false,
            "disable_openapi_validation": false,
            "disable_webhooks": false,
            "force_update": false,
            "id": "jenkins",
            "keyring": null,
            "lint": false,
            "manifest": null,
            "max_history": 0,
            "metadata": {
              "app_version": "2.492.2",
              "chart": "jenkins",
              "first_deployed": 1769828690,
              "last_deployed": 1769828690,
              "name": "jenkins",
              "namespace": "jenkins",
              "notes": "1. Get your 'admin' user password by running:\n  kubectl exec --namespace jenkins -it svc/jenkins -c jenkins -- /bin/cat /run/secrets/additional/chart-admin-password \u0026\u0026 echo\n2. Get the Jenkins URL to visit by running these commands in the same shell:\n  NOTE: It may take a few minutes for the LoadBalancer IP to be available.\n        You can watch the status of by running 'kubectl get svc --namespace jenkins -w jenkins'\n  export SERVICE_IP=$(kubectl get svc --namespace jenkins jenkins --template \"{{ range (index .status.loadBalancer.ingress 0) }}{{ . }}{{ end }}\")\n  echo http://$SERVICE_IP:80\n\n3. Login with the password from step 1 and the username: admin\n4. Configure security realm and authorization strategy\n5. Use Jenkins Configuration as Code by specifying configScripts in your values.yaml file, see documentation: http://$SERVICE_IP:80/configuration-as-code and examples: https://github.com/jenkinsci/configuration-as-code-plugin/tree/master/demos\n\nFor more information on running Jenkins on Kubernetes, visit:\nhttps://cloud.google.com/solutions/jenkins-on-container-engine\n\nFor more information about Jenkins Configuration as Code, visit:\nhttps://jenkins.io/projects/jcasc/\n\n\nNOTE: Consider using a custom image with pre-installed plugins\n",
              "revision": 1,
              "values": "{\"controller\":{\"JCasC\":{\"configScripts\":{\"credentials\":\"credentials:\\n  system:\\n    domainCredentials:\\n      - credentials:\\n          - usernamePassword:\\n              scope: GLOBAL\\n              id: github-token\\n              username: LichKnyaz\\n              password: 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\\n              description: GitHub PAT\\n\",\"seed-job\":\"jobs:\\n  - script: \\u003e\\n      job('seed-job') {\\n        description('Job to generate pipeline for Django project')\\n        scm {\\n          git {\\n            remote {\\n              url('https://github.com/Lichknyaz/DevOps.git')\\n              credentials('github-token')\\n            }\\n            branches('*/lesson-8-9')\\n          }\\n        }\\n        steps {\\n          dsl {\\n            text('''\\n              pipelineJob(\\\"goit-django-docker\\\") {\\n                definition {\\n                  cpsScm {\\n                    scm {\\n                      git {\\n                        remote {\\n                          url(\\\"https://github.com/Lichknyaz/DevOps.git\\\")\\n                          credentials(\\\"github-token\\\")\\n                        }\\n                        branches(\\\"*/lesson-8-9\\\")\\n                      }\\n                    }\\n                  }\\n                }\\n              }\\n            ''')\\n          }\\n        }\\n      }\\n\"}},\"admin\":{\"password\":\"admin123\",\"username\":\"admin\"},\"installPlugins\":[\"kubernetes:latest\",\"workflow-aggregator:latest\",\"git:latest\",\"configuration-as-code:latest\",\"credentials-binding:latest\",\"github:latest\",\"docker-plugin:latest\",\"docker-workflow:latest\",\"job-dsl:latest\"],\"persistentVolume\":{\"enabled\":true,\"size\":\"10Gi\",\"storageClass\":\"ebs-sc\"},\"resources\":{\"limits\":{\"cpu\":\"500m\",\"memory\":\"1Gi\"},\"requests\":{\"cpu\":\"250m\",\"memory\":\"512Mi\"}},\"service\":{\"port\":80,\"targetPort\":8080},\"serviceAccount\":{\"create\":false,\"name\":\"jenkins-sa\"},\"servicePort\":80,\"serviceType\":\"LoadBalancer\"}}",
              "version": "5.8.27"
            },
            "name": "jenkins",
            "namespace": "jenkins",
            "pass_credentials": false,
            "postrender": null,
            "recreate_pods": false,
            "render_subchart_notes": true,
            "replace": false,
            "repository": "https://charts.jenkins.io",
            "repository_ca_file": null,
            "repository_cert_file": null,
            "repository_key_file": null,
            "repository_password": null,
            "repository_username": null,
            "reset_values": false,
            "resources": null,
            "reuse_values": false,
            "set": null,
            "set_list": null,
            "set_sensitive": null,
            "set_wo": null,
            "set_wo_revision": null,
            "skip_crds": false,
            "status": "deployed",
            "take_ownership": false,
            "timeout": 300,
            "timeouts": null,
            "upgrade_install": false,
            "values": [
              "controller:\r\n  admin:\r\n    username: admin\r\n    password: admin123\r\n\r\n  serviceType: LoadBalancer\r\n  servicePort: 80\r\n  service:\r\n    port: 80\r\n    targetPort: 8080\r\n\r\n  resources:\r\n    limits:\r\n      cpu: \"500m\"\r\n      memory: \"1Gi\"\r\n    requests:\r\n      cpu: \"250m\"\r\n      memory: \"512Mi\"\r\n\r\n  persistentVolume:\r\n    enabled: true\r\n    storageClass: \"ebs-sc\"\r\n    size: 10Gi\r\n\r\n  installPlugins:\r\n    - kubernetes:latest\r\n    - workflow-aggregator:latest\r\n    - git:latest\r\n    - configuration-as-code:latest\r\n    - credentials-binding:latest\r\n    - github:latest\r\n    - docker-plugin:latest\r\n    - docker-workflow:latest\r\n    - job-dsl:latest\r\n\r\n  serviceAccount:\r\n    name: jenkins-sa\r\n    create: false\r\n\r\n  JCasC:\r\n    configScripts:\r\n      credentials: |\r\n        credentials:\r\n          system:\r\n            domainCredentials:\r\n              - credentials:\r\n                  - usernamePassword:\r\n                      scope: GLOBAL\r\n                      id: github-token\r\n                      username: LichKnyaz\r\n                      password: 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\r\n                      description: GitHub PAT\r\n      seed-job: |\r\n        jobs:\r\n          - script: \u003e\r\n              job('seed-job') {\r\n                description('Job to generate pipeline for Django project')\r\n                scm {\r\n                  git {\r\n                    remote {\r\n                      url('https://github.com/Lichknyaz/DevOps.git')\r\n                      credentials('github-token')\r\n                    }\r\n                    branches('*/lesson-8-9')\r\n                  }\r\n                }\r\n                steps {\r\n                  dsl {\r\n                    text('''\r\n                      pipelineJob(\"goit-django-docker\") {\r\n                        definition {\r\n                          cpsScm {\r\n                            scm {\r\n                              git {\r\n                                remote {\r\n                                  url(\"https://github.com/Lichknyaz/DevOps.git\")\r\n                                  credentials(\"github-token\")\r\n                                }\r\n                                branches(\"*/lesson-8-9\")\r\n                              }\r\n                            }\r\n                          }\r\n                        }\r\n                      }\r\n                    ''')\r\n                  }\r\n                }\r\n              }\r\n"
            ],
            "verify": false,
            "version": "5.8.27",
            "wait": true,
            "wait_for_jobs": false
          },
          "sensitive_attributes": [
            [
              {
                "type": "get_attr",
                "value": "repository_password"
              }
            ]
          ],
          "identity_schema_version": 0,
          "identity": {
            "namespace": "jenkins",
            "release_name": "jenkins"
          },
          "dependencies": [
            "data.aws_eks_cluster_auth.eks",
            "module.eks.aws_eks_addon.ebs_csi_driver",
            "module.eks.aws_eks_cluster.this",
            "module.eks.aws_eks_node_group.default",
            "module.eks.aws_iam_openid_connect_provider.oidc",
            "module.eks.aws_iam_role.cluster",
            "module.eks.aws_iam_role.ebs_csi_irsa_role",
            "module.eks.aws_iam_role.node",
            "module.eks.aws_iam_role_policy_attachment.cluster_eks",
            "module.eks.aws_iam_role_policy_attachment.cluster_service",
            "module.eks.aws_iam_role_policy_attachment.ebs_irsa_policy",
            "module.eks.aws_iam_role_policy_attachment.node_cni",
            "module.eks.aws_iam_role_policy_attachment.node_ecr",
            "module.eks.aws_iam_role_policy_attachment.node_worker",
            "module.eks.data.aws_iam_policy_document.cluster_assume_role",
            "module.eks.data.aws_iam_policy_document.node_assume_role",
            "module.vpc.aws_subnet.private",
            "module.vpc.aws_vpc.main"
          ]
        }
      ]
    },
    {
      "module": "module.jenkins",
      "mode": "managed",
      "type": "kubernetes_service_account",
      "name": "jenkins_sa",
      "provider": "provider[\"registry.terraform.io/hashicorp/kubernetes\"]",
      "instances": [
        {
          "schema_version": 0,
          "attributes": {
            "automount_service_account_token": true,
            "default_secret_name": "",
            "id": "jenkins/jenkins-sa",
            "image_pull_secret": [],
            "metadata": [
              {
                "annotations": {
                  "eks.amazonaws.com/role-arn": "arn:aws:iam::961906078703:role/lesson-8-9-eks-jenkins-kaniko-role"
                },
                "generate_name": "",
                "generation": 0,
                "labels": null,
                "name": "jenkins-sa",
                "namespace": "jenkins",
                "resource_version": "3477",
                "uid": "71772f17-42de-421d-a651-33def5531c2d"
              }
            ],
            "secret": [],
            "timeouts": null
          },
          "sensitive_attributes": [],
          "identity_schema_version": 1,
          "identity": {
            "api_version": "v1",
            "kind": "ServiceAccount",
            "name": "jenkins-sa",
            "namespace": "jenkins"
          },
          "private": "eyJlMmJmYjczMC1lY2FhLTExZTYtOGY4OC0zNDM2M2JjN2M0YzAiOnsiY3JlYXRlIjozMDAwMDAwMDAwMH19",
          "dependencies": [
            "data.aws_eks_cluster_auth.eks",
            "module.eks.aws_eks_addon.ebs_csi_driver",
            "module.eks.aws_eks_cluster.this",
            "module.eks.aws_eks_node_group.default",
            "module.eks.aws_iam_openid_connect_provider.oidc",
            "module.eks.aws_iam_role.cluster",
            "module.eks.aws_iam_role.ebs_csi_irsa_role",
            "module.eks.aws_iam_role.node",
            "module.eks.aws_iam_role_policy_attachment.cluster_eks",
            "module.eks.aws_iam_role_policy_attachment.cluster_service",
            "module.eks.aws_iam_role_policy_attachment.ebs_irsa_policy",
            "module.eks.aws_iam_role_policy_attachment.node_cni",
            "module.eks.aws_iam_role_policy_attachment.node_ecr",
            "module.eks.aws_iam_role_policy_attachment.node_worker",
            "module.eks.data.aws_iam_policy_document.cluster_assume_role",
            "module.eks.data.aws_iam_policy_document.node_assume_role",
            "module.jenkins.aws_iam_role.jenkins_kaniko_role",
            "module.jenkins.helm_release.jenkins",
            "module.vpc.aws_subnet.private",
            "module.vpc.aws_vpc.main"
          ]
        }
      ]
    },
    {
      "module": "module.jenkins",
      "mode": "managed",
      "type": "kubernetes_storage_class_v1",
      "name": "ebs_sc",
      "provider": "provider[\"registry.terraform.io/hashicorp/kubernetes\"]",
      "instances": [
        {
          "schema_version": 0,
          "attributes": {
            "allow_volume_expansion": true,
            "allowed_topologies": [],
            "id": "ebs-sc",
            "metadata": [
              {
                "annotations": {
                  "storageclass.kubernetes.io/is-default-class": "true"
                },
                "generate_name": "",
                "generation": 0,
                "labels": null,
                "name": "ebs-sc",
                "resource_version": "2559",
                "uid": "80828695-d906-4b12-9420-161ba0f724ef"
              }
            ],
            "mount_options": null,
            "parameters": {
              "type": "gp3"
            },
            "reclaim_policy": "Delete",
            "storage_provisioner": "ebs.csi.aws.com",
            "volume_binding_mode": "WaitForFirstConsumer"
          },
          "sensitive_attributes": [],
          "identity_schema_version": 0,
          "private": "bnVsbA==",
          "dependencies": [
            "data.aws_eks_cluster_auth.eks",
            "module.eks.aws_eks_addon.ebs_csi_driver",
            "module.eks.aws_eks_cluster.this",
            "module.eks.aws_eks_node_group.default",
            "module.eks.aws_iam_openid_connect_provider.oidc",
            "module.eks.aws_iam_role.cluster",
            "module.eks.aws_iam_role.ebs_csi_irsa_role",
            "module.eks.aws_iam_role.node",
            "module.eks.aws_iam_role_policy_attachment.cluster_eks",
            "module.eks.aws_iam_role_policy_attachment.cluster_service",
            "module.eks.aws_iam_role_policy_attachment.ebs_irsa_policy",
            "module.eks.aws_iam_role_policy_attachment.node_cni",
            "module.eks.aws_iam_role_policy_attachment.node_ecr",
            "module.eks.aws_iam_role_policy_attachment.node_worker",
            "module.eks.data.aws_iam_policy_document.cluster_assume_role",
            "module.eks.data.aws_iam_policy_document.node_assume_role",
            "module.vpc.aws_subnet.private",
            "module.vpc.aws_vpc.main"
          ]
        }
      ]
    },
    {
      "module": "module.s3_backend",
      "mode": "managed",
      "type": "aws_dynamodb_table",
      "name": "terraform_locks",
      "provider": "provider[\"registry.terraform.io/hashicorp/aws\"]",
      "instances": [
        {
          "schema_version": 1,
          "attributes": {
            "arn": "arn:aws:dynamodb:eu-west-1:961906078703:table/terraform-locks",
            "attribute": [
              {
                "name": "LockID",
                "type": "S"
              }
            ],
            "billing_mode": "PAY_PER_REQUEST",
            "deletion_protection_enabled": false,
            "global_secondary_index": [],
            "global_table_witness": [],
            "hash_key": "LockID",
            "id": "terraform-locks",
            "import_table": [],
            "local_secondary_index": [],
            "name": "terraform-locks",
            "on_demand_throughput": [],
            "point_in_time_recovery": [
              {
                "enabled": false,
                "recovery_period_in_days": 0
              }
            ],
            "range_key": null,
            "read_capacity": 0,
            "region": "eu-west-1",
            "replica": [],
            "restore_date_time": null,
            "restore_source_name": null,
            "restore_source_table_arn": null,
            "restore_to_latest_time": null,
            "server_side_encryption": [],
            "stream_arn": "",
            "stream_enabled": false,
            "stream_label": "",
            "stream_view_type": "",
            "table_class": "STANDARD",
            "tags": {
              "Environment": "lesson-8-9",
              "Name": "Terraform Lock Table"
            },
            "tags_all": {
              "Environment": "lesson-8-9",
              "Name": "Terraform Lock Table"
            },
            "timeouts": null,
            "ttl": [
              {
                "attribute_name": "",
                "enabled": false
              }
            ],
            "warm_throughput": [],
            "write_capacity": 0
          },
          "sensitive_attributes": [],
          "identity_schema_version": 0,
          "private": "eyJlMmJmYjczMC1lY2FhLTExZTYtOGY4OC0zNDM2M2JjN2M0YzAiOnsiY3JlYXRlIjoxODAwMDAwMDAwMDAwLCJkZWxldGUiOjYwMDAwMDAwMDAwMCwidXBkYXRlIjozNjAwMDAwMDAwMDAwfSwic2NoZW1hX3ZlcnNpb24iOiIxIn0="
        }
      ]
    },
    {
      "module": "module.s3_backend",
      "mode": "managed",
      "type": "aws_s3_bucket",
      "name": "terraform_state",
      "provider": "provider[\"registry.terraform.io/hashicorp/aws\"]",
      "instances": [
        {
          "schema_version": 0,
          "attributes": {
            "acceleration_status": "",
            "acl": null,
            "arn": "arn:aws:s3:::terraform-state-bucket-lesson-8-9-lichknyaz",
            "bucket": "terraform-state-bucket-lesson-8-9-lichknyaz",
            "bucket_domain_name": "terraform-state-bucket-lesson-8-9-lichknyaz.s3.amazonaws.com",
            "bucket_prefix": "",
            "bucket_region": "eu-west-1",
            "bucket_regional_domain_name": "terraform-state-bucket-lesson-8-9-lichknyaz.s3.eu-west-1.amazonaws.com",
            "cors_rule": [],
            "force_destroy": false,
            "grant": [
              {
                "id": "4baef8fb04d74eafc2a20b89bdbaed5f269b16f2ccff54b7367832bb29648cd1",
                "permissions": ["FULL_CONTROL"],
                "type": "CanonicalUser",
                "uri": ""
              }
            ],
            "hosted_zone_id": "Z1BKCTXD74EZPE",
            "id": "terraform-state-bucket-lesson-8-9-lichknyaz",
            "lifecycle_rule": [],
            "logging": [],
            "object_lock_configuration": [],
            "object_lock_enabled": false,
            "policy": "",
            "region": "eu-west-1",
            "replication_configuration": [],
            "request_payer": "BucketOwner",
            "server_side_encryption_configuration": [
              {
                "rule": [
                  {
                    "apply_server_side_encryption_by_default": [
                      {
                        "kms_master_key_id": "",
                        "sse_algorithm": "AES256"
                      }
                    ],
                    "bucket_key_enabled": false
                  }
                ]
              }
            ],
            "tags": {
              "Environment": "lesson-8-9",
              "Name": "Terraform State Bucket"
            },
            "tags_all": {
              "Environment": "lesson-8-9",
              "Name": "Terraform State Bucket"
            },
            "timeouts": null,
            "versioning": [
              {
                "enabled": false,
                "mfa_delete": false
              }
            ],
            "website": [],
            "website_domain": null,
            "website_endpoint": null
          },
          "sensitive_attributes": [],
          "identity_schema_version": 0,
          "identity": {
            "account_id": "961906078703",
            "bucket": "terraform-state-bucket-lesson-8-9-lichknyaz",
            "region": "eu-west-1"
          },
          "private": "eyJlMmJmYjczMC1lY2FhLTExZTYtOGY4OC0zNDM2M2JjN2M0YzAiOnsiY3JlYXRlIjoxMjAwMDAwMDAwMDAwLCJkZWxldGUiOjM2MDAwMDAwMDAwMDAsInJlYWQiOjEyMDAwMDAwMDAwMDAsInVwZGF0ZSI6MTIwMDAwMDAwMDAwMH19"
        }
      ]
    },
    {
      "module": "module.s3_backend",
      "mode": "managed",
      "type": "aws_s3_bucket_ownership_controls",
      "name": "terraform_state_ownership",
      "provider": "provider[\"registry.terraform.io/hashicorp/aws\"]",
      "instances": [
        {
          "schema_version": 0,
          "attributes": {
            "bucket": "terraform-state-bucket-lesson-8-9-lichknyaz",
            "id": "terraform-state-bucket-lesson-8-9-lichknyaz",
            "region": "eu-west-1",
            "rule": [
              {
                "object_ownership": "BucketOwnerEnforced"
              }
            ]
          },
          "sensitive_attributes": [],
          "identity_schema_version": 0,
          "identity": {
            "account_id": "961906078703",
            "bucket": "terraform-state-bucket-lesson-8-9-lichknyaz",
            "region": "eu-west-1"
          },
          "private": "bnVsbA==",
          "dependencies": ["module.s3_backend.aws_s3_bucket.terraform_state"]
        }
      ]
    },
    {
      "module": "module.s3_backend",
      "mode": "managed",
      "type": "aws_s3_bucket_versioning",
      "name": "terraform_state_versioning",
      "provider": "provider[\"registry.terraform.io/hashicorp/aws\"]",
      "instances": [
        {
          "schema_version": 0,
          "attributes": {
            "bucket": "terraform-state-bucket-lesson-8-9-lichknyaz",
            "expected_bucket_owner": "",
            "id": "terraform-state-bucket-lesson-8-9-lichknyaz",
            "mfa": null,
            "region": "eu-west-1",
            "versioning_configuration": [
              {
                "mfa_delete": "",
                "status": "Enabled"
              }
            ]
          },
          "sensitive_attributes": [],
          "identity_schema_version": 0,
          "identity": {
            "account_id": "961906078703",
            "bucket": "terraform-state-bucket-lesson-8-9-lichknyaz",
            "expected_bucket_owner": null,
            "region": "eu-west-1"
          },
          "private": "bnVsbA==",
          "dependencies": ["module.s3_backend.aws_s3_bucket.terraform_state"]
        }
      ]
    },
    {
      "module": "module.vpc",
      "mode": "managed",
      "type": "aws_eip",
      "name": "nat",
      "provider": "provider[\"registry.terraform.io/hashicorp/aws\"]",
      "instances": [
        {
          "schema_version": 0,
          "attributes": {
            "address": null,
            "allocation_id": "eipalloc-05ae5979ecd48e1d1",
            "arn": "arn:aws:ec2:eu-west-1:961906078703:elastic-ip/eipalloc-05ae5979ecd48e1d1",
            "associate_with_private_ip": null,
            "association_id": "",
            "carrier_ip": "",
            "customer_owned_ip": "",
            "customer_owned_ipv4_pool": "",
            "domain": "vpc",
            "id": "eipalloc-05ae5979ecd48e1d1",
            "instance": "",
            "ipam_pool_id": null,
            "network_border_group": "eu-west-1",
            "network_interface": "",
            "private_dns": null,
            "private_ip": "",
            "ptr_record": "",
            "public_dns": "ec2-54-75-69-128.eu-west-1.compute.amazonaws.com",
            "public_ip": "54.75.69.128",
            "public_ipv4_pool": "amazon",
            "region": "eu-west-1",
            "tags": {
              "Name": "lesson-5-nat-eip"
            },
            "tags_all": {
              "Name": "lesson-5-nat-eip"
            },
            "timeouts": null
          },
          "sensitive_attributes": [],
          "identity_schema_version": 0,
          "private": "eyJlMmJmYjczMC1lY2FhLTExZTYtOGY4OC0zNDM2M2JjN2M0YzAiOnsiZGVsZXRlIjoxODAwMDAwMDAwMDAsInJlYWQiOjkwMDAwMDAwMDAwMCwidXBkYXRlIjozMDAwMDAwMDAwMDB9fQ==",
          "dependencies": [
            "module.vpc.aws_internet_gateway.igw",
            "module.vpc.aws_vpc.main"
          ]
        }
      ]
    },
    {
      "module": "module.vpc",
      "mode": "managed",
      "type": "aws_internet_gateway",
      "name": "igw",
      "provider": "provider[\"registry.terraform.io/hashicorp/aws\"]",
      "instances": [
        {
          "schema_version": 0,
          "attributes": {
            "arn": "arn:aws:ec2:eu-west-1:961906078703:internet-gateway/igw-02a11b309320fbd83",
            "id": "igw-02a11b309320fbd83",
            "owner_id": "961906078703",
            "region": "eu-west-1",
            "tags": {
              "Name": "vpc_terraform-igw"
            },
            "tags_all": {
              "Name": "vpc_terraform-igw"
            },
            "timeouts": null,
            "vpc_id": "vpc-0922e39da420cd8ae"
          },
          "sensitive_attributes": [],
          "identity_schema_version": 0,
          "private": "eyJlMmJmYjczMC1lY2FhLTExZTYtOGY4OC0zNDM2M2JjN2M0YzAiOnsiY3JlYXRlIjoxMjAwMDAwMDAwMDAwLCJkZWxldGUiOjEyMDAwMDAwMDAwMDAsInVwZGF0ZSI6MTIwMDAwMDAwMDAwMH19",
          "dependencies": ["module.vpc.aws_vpc.main"]
        }
      ]
    },
    {
      "module": "module.vpc",
      "mode": "managed",
      "type": "aws_nat_gateway",
      "name": "this",
      "provider": "provider[\"registry.terraform.io/hashicorp/aws\"]",
      "instances": [
        {
          "schema_version": 0,
          "attributes": {
            "allocation_id": "eipalloc-05ae5979ecd48e1d1",
            "association_id": "eipassoc-05a42c817774227cc",
            "auto_provision_zones": null,
            "auto_scaling_ips": null,
            "availability_mode": "zonal",
            "availability_zone_address": [],
            "connectivity_type": "public",
            "id": "nat-02d692bc57bcd5a14",
            "network_interface_id": "eni-01ef5d81c92b4aa3a",
            "private_ip": "10.0.1.187",
            "public_ip": "54.75.69.128",
            "region": "eu-west-1",
            "regional_nat_gateway_address": [],
            "regional_nat_gateway_auto_mode": null,
            "route_table_id": null,
            "secondary_allocation_ids": [],
            "secondary_private_ip_address_count": 0,
            "secondary_private_ip_addresses": [],
            "subnet_id": "subnet-0459d1b1bacec506d",
            "tags": {
              "Name": "lesson-5-nat-gateway"
            },
            "tags_all": {
              "Name": "lesson-5-nat-gateway"
            },
            "timeouts": null,
            "vpc_id": "vpc-0922e39da420cd8ae"
          },
          "sensitive_attributes": [],
          "identity_schema_version": 0,
          "private": "eyJlMmJmYjczMC1lY2FhLTExZTYtOGY4OC0zNDM2M2JjN2M0YzAiOnsiY3JlYXRlIjo2MDAwMDAwMDAwMDAsImRlbGV0ZSI6MTgwMDAwMDAwMDAwMCwidXBkYXRlIjo2MDAwMDAwMDAwMDB9fQ==",
          "dependencies": [
            "module.vpc.aws_eip.nat",
            "module.vpc.aws_internet_gateway.igw",
            "module.vpc.aws_subnet.public",
            "module.vpc.aws_vpc.main"
          ]
        }
      ]
    },
    {
      "module": "module.vpc",
      "mode": "managed",
      "type": "aws_route",
      "name": "private_to_nat",
      "provider": "provider[\"registry.terraform.io/hashicorp/aws\"]",
      "instances": [
        {
          "schema_version": 0,
          "attributes": {
            "carrier_gateway_id": "",
            "core_network_arn": "",
            "destination_cidr_block": "0.0.0.0/0",
            "destination_ipv6_cidr_block": "",
            "destination_prefix_list_id": "",
            "egress_only_gateway_id": "",
            "gateway_id": "",
            "id": "r-rtb-055ce446bf87c6d941080289494",
            "instance_id": "",
            "instance_owner_id": "",
            "local_gateway_id": "",
            "nat_gateway_id": "nat-02d692bc57bcd5a14",
            "network_interface_id": "",
            "origin": "CreateRoute",
            "region": "eu-west-1",
            "route_table_id": "rtb-055ce446bf87c6d94",
            "state": "active",
            "timeouts": null,
            "transit_gateway_id": "",
            "vpc_endpoint_id": "",
            "vpc_peering_connection_id": ""
          },
          "sensitive_attributes": [],
          "identity_schema_version": 0,
          "identity": {
            "account_id": "961906078703",
            "destination_cidr_block": "0.0.0.0/0",
            "destination_ipv6_cidr_block": null,
            "destination_prefix_list_id": null,
            "region": "eu-west-1",
            "route_table_id": "rtb-055ce446bf87c6d94"
          },
          "private": "eyJlMmJmYjczMC1lY2FhLTExZTYtOGY4OC0zNDM2M2JjN2M0YzAiOnsiY3JlYXRlIjozMDAwMDAwMDAwMDAsImRlbGV0ZSI6MzAwMDAwMDAwMDAwLCJ1cGRhdGUiOjEyMDAwMDAwMDAwMH19",
          "dependencies": [
            "module.vpc.aws_eip.nat",
            "module.vpc.aws_internet_gateway.igw",
            "module.vpc.aws_nat_gateway.this",
            "module.vpc.aws_route_table.private",
            "module.vpc.aws_subnet.public",
            "module.vpc.aws_vpc.main"
          ]
        }
      ]
    },
    {
      "module": "module.vpc",
      "mode": "managed",
      "type": "aws_route",
      "name": "public_internet",
      "provider": "provider[\"registry.terraform.io/hashicorp/aws\"]",
      "instances": [
        {
          "schema_version": 0,
          "attributes": {
            "carrier_gateway_id": "",
            "core_network_arn": "",
            "destination_cidr_block": "0.0.0.0/0",
            "destination_ipv6_cidr_block": "",
            "destination_prefix_list_id": "",
            "egress_only_gateway_id": "",
            "gateway_id": "igw-02a11b309320fbd83",
            "id": "r-rtb-0fc6469a50b0e57801080289494",
            "instance_id": "",
            "instance_owner_id": "",
            "local_gateway_id": "",
            "nat_gateway_id": "",
            "network_interface_id": "",
            "origin": "CreateRoute",
            "region": "eu-west-1",
            "route_table_id": "rtb-0fc6469a50b0e5780",
            "state": "active",
            "timeouts": null,
            "transit_gateway_id": "",
            "vpc_endpoint_id": "",
            "vpc_peering_connection_id": ""
          },
          "sensitive_attributes": [],
          "identity_schema_version": 0,
          "identity": {
            "account_id": "961906078703",
            "destination_cidr_block": "0.0.0.0/0",
            "destination_ipv6_cidr_block": null,
            "destination_prefix_list_id": null,
            "region": "eu-west-1",
            "route_table_id": "rtb-0fc6469a50b0e5780"
          },
          "private": "eyJlMmJmYjczMC1lY2FhLTExZTYtOGY4OC0zNDM2M2JjN2M0YzAiOnsiY3JlYXRlIjozMDAwMDAwMDAwMDAsImRlbGV0ZSI6MzAwMDAwMDAwMDAwLCJ1cGRhdGUiOjEyMDAwMDAwMDAwMH19",
          "dependencies": [
            "module.vpc.aws_internet_gateway.igw",
            "module.vpc.aws_route_table.public",
            "module.vpc.aws_vpc.main"
          ]
        }
      ]
    },
    {
      "module": "module.vpc",
      "mode": "managed",
      "type": "aws_route_table",
      "name": "private",
      "provider": "provider[\"registry.terraform.io/hashicorp/aws\"]",
      "instances": [
        {
          "schema_version": 0,
          "attributes": {
            "arn": "arn:aws:ec2:eu-west-1:961906078703:route-table/rtb-055ce446bf87c6d94",
            "id": "rtb-055ce446bf87c6d94",
            "owner_id": "961906078703",
            "propagating_vgws": [],
            "region": "eu-west-1",
            "route": [],
            "tags": {
              "Name": "vpc_terraform-private-rt"
            },
            "tags_all": {
              "Name": "vpc_terraform-private-rt"
            },
            "timeouts": null,
            "vpc_id": "vpc-0922e39da420cd8ae"
          },
          "sensitive_attributes": [],
          "identity_schema_version": 0,
          "identity": {
            "account_id": "961906078703",
            "id": "rtb-055ce446bf87c6d94",
            "region": "eu-west-1"
          },
          "private": "eyJlMmJmYjczMC1lY2FhLTExZTYtOGY4OC0zNDM2M2JjN2M0YzAiOnsiY3JlYXRlIjozMDAwMDAwMDAwMDAsImRlbGV0ZSI6MzAwMDAwMDAwMDAwLCJ1cGRhdGUiOjEyMDAwMDAwMDAwMH19",
          "dependencies": ["module.vpc.aws_vpc.main"]
        }
      ]
    },
    {
      "module": "module.vpc",
      "mode": "managed",
      "type": "aws_route_table",
      "name": "public",
      "provider": "provider[\"registry.terraform.io/hashicorp/aws\"]",
      "instances": [
        {
          "schema_version": 0,
          "attributes": {
            "arn": "arn:aws:ec2:eu-west-1:961906078703:route-table/rtb-0fc6469a50b0e5780",
            "id": "rtb-0fc6469a50b0e5780",
            "owner_id": "961906078703",
            "propagating_vgws": [],
            "region": "eu-west-1",
            "route": [],
            "tags": {
              "Name": "vpc_terraform-public-rt"
            },
            "tags_all": {
              "Name": "vpc_terraform-public-rt"
            },
            "timeouts": null,
            "vpc_id": "vpc-0922e39da420cd8ae"
          },
          "sensitive_attributes": [],
          "identity_schema_version": 0,
          "identity": {
            "account_id": "961906078703",
            "id": "rtb-0fc6469a50b0e5780",
            "region": "eu-west-1"
          },
          "private": "eyJlMmJmYjczMC1lY2FhLTExZTYtOGY4OC0zNDM2M2JjN2M0YzAiOnsiY3JlYXRlIjozMDAwMDAwMDAwMDAsImRlbGV0ZSI6MzAwMDAwMDAwMDAwLCJ1cGRhdGUiOjEyMDAwMDAwMDAwMH19",
          "dependencies": ["module.vpc.aws_vpc.main"]
        }
      ]
    },
    {
      "module": "module.vpc",
      "mode": "managed",
      "type": "aws_route_table_association",
      "name": "private",
      "provider": "provider[\"registry.terraform.io/hashicorp/aws\"]",
      "instances": [
        {
          "index_key": 0,
          "schema_version": 0,
          "attributes": {
            "gateway_id": "",
            "id": "rtbassoc-0098e763cfa4da77c",
            "region": "eu-west-1",
            "route_table_id": "rtb-055ce446bf87c6d94",
            "subnet_id": "subnet-02be2e391196b3182",
            "timeouts": null
          },
          "sensitive_attributes": [],
          "identity_schema_version": 0,
          "private": "eyJlMmJmYjczMC1lY2FhLTExZTYtOGY4OC0zNDM2M2JjN2M0YzAiOnsiY3JlYXRlIjozMDAwMDAwMDAwMDAsImRlbGV0ZSI6MzAwMDAwMDAwMDAwLCJ1cGRhdGUiOjEyMDAwMDAwMDAwMH19",
          "dependencies": [
            "module.vpc.aws_route_table.private",
            "module.vpc.aws_subnet.private",
            "module.vpc.aws_vpc.main"
          ]
        },
        {
          "index_key": 1,
          "schema_version": 0,
          "attributes": {
            "gateway_id": "",
            "id": "rtbassoc-05b30125ae1e3f36e",
            "region": "eu-west-1",
            "route_table_id": "rtb-055ce446bf87c6d94",
            "subnet_id": "subnet-097ca5abe8297d248",
            "timeouts": null
          },
          "sensitive_attributes": [],
          "identity_schema_version": 0,
          "private": "eyJlMmJmYjczMC1lY2FhLTExZTYtOGY4OC0zNDM2M2JjN2M0YzAiOnsiY3JlYXRlIjozMDAwMDAwMDAwMDAsImRlbGV0ZSI6MzAwMDAwMDAwMDAwLCJ1cGRhdGUiOjEyMDAwMDAwMDAwMH19",
          "dependencies": [
            "module.vpc.aws_route_table.private",
            "module.vpc.aws_subnet.private",
            "module.vpc.aws_vpc.main"
          ]
        },
        {
          "index_key": 2,
          "schema_version": 0,
          "attributes": {
            "gateway_id": "",
            "id": "rtbassoc-0b3be1c6e797ce356",
            "region": "eu-west-1",
            "route_table_id": "rtb-055ce446bf87c6d94",
            "subnet_id": "subnet-0bf7433197d3d8565",
            "timeouts": null
          },
          "sensitive_attributes": [],
          "identity_schema_version": 0,
          "private": "eyJlMmJmYjczMC1lY2FhLTExZTYtOGY4OC0zNDM2M2JjN2M0YzAiOnsiY3JlYXRlIjozMDAwMDAwMDAwMDAsImRlbGV0ZSI6MzAwMDAwMDAwMDAwLCJ1cGRhdGUiOjEyMDAwMDAwMDAwMH19",
          "dependencies": [
            "module.vpc.aws_route_table.private",
            "module.vpc.aws_subnet.private",
            "module.vpc.aws_vpc.main"
          ]
        }
      ]
    },
    {
      "module": "module.vpc",
      "mode": "managed",
      "type": "aws_route_table_association",
      "name": "public",
      "provider": "provider[\"registry.terraform.io/hashicorp/aws\"]",
      "instances": [
        {
          "index_key": 0,
          "schema_version": 0,
          "attributes": {
            "gateway_id": "",
            "id": "rtbassoc-0d66da450422da3f8",
            "region": "eu-west-1",
            "route_table_id": "rtb-0fc6469a50b0e5780",
            "subnet_id": "subnet-0459d1b1bacec506d",
            "timeouts": null
          },
          "sensitive_attributes": [],
          "identity_schema_version": 0,
          "private": "eyJlMmJmYjczMC1lY2FhLTExZTYtOGY4OC0zNDM2M2JjN2M0YzAiOnsiY3JlYXRlIjozMDAwMDAwMDAwMDAsImRlbGV0ZSI6MzAwMDAwMDAwMDAwLCJ1cGRhdGUiOjEyMDAwMDAwMDAwMH19",
          "dependencies": [
            "module.vpc.aws_route_table.public",
            "module.vpc.aws_subnet.public",
            "module.vpc.aws_vpc.main"
          ]
        },
        {
          "index_key": 1,
          "schema_version": 0,
          "attributes": {
            "gateway_id": "",
            "id": "rtbassoc-06667bd4aead4dbe2",
            "region": "eu-west-1",
            "route_table_id": "rtb-0fc6469a50b0e5780",
            "subnet_id": "subnet-064c1b31628e51787",
            "timeouts": null
          },
          "sensitive_attributes": [],
          "identity_schema_version": 0,
          "private": "eyJlMmJmYjczMC1lY2FhLTExZTYtOGY4OC0zNDM2M2JjN2M0YzAiOnsiY3JlYXRlIjozMDAwMDAwMDAwMDAsImRlbGV0ZSI6MzAwMDAwMDAwMDAwLCJ1cGRhdGUiOjEyMDAwMDAwMDAwMH19",
          "dependencies": [
            "module.vpc.aws_route_table.public",
            "module.vpc.aws_subnet.public",
            "module.vpc.aws_vpc.main"
          ]
        },
        {
          "index_key": 2,
          "schema_version": 0,
          "attributes": {
            "gateway_id": "",
            "id": "rtbassoc-0e69ff3634962da48",
            "region": "eu-west-1",
            "route_table_id": "rtb-0fc6469a50b0e5780",
            "subnet_id": "subnet-0123fce1cfa5e1e77",
            "timeouts": null
          },
          "sensitive_attributes": [],
          "identity_schema_version": 0,
          "private": "eyJlMmJmYjczMC1lY2FhLTExZTYtOGY4OC0zNDM2M2JjN2M0YzAiOnsiY3JlYXRlIjozMDAwMDAwMDAwMDAsImRlbGV0ZSI6MzAwMDAwMDAwMDAwLCJ1cGRhdGUiOjEyMDAwMDAwMDAwMH19",
          "dependencies": [
            "module.vpc.aws_route_table.public",
            "module.vpc.aws_subnet.public",
            "module.vpc.aws_vpc.main"
          ]
        }
      ]
    },
    {
      "module": "module.vpc",
      "mode": "managed",
      "type": "aws_subnet",
      "name": "private",
      "provider": "provider[\"registry.terraform.io/hashicorp/aws\"]",
      "instances": [
        {
          "index_key": 0,
          "schema_version": 1,
          "attributes": {
            "arn": "arn:aws:ec2:eu-west-1:961906078703:subnet/subnet-02be2e391196b3182",
            "assign_ipv6_address_on_creation": false,
            "availability_zone": "eu-west-1a",
            "availability_zone_id": "euw1-az2",
            "cidr_block": "10.0.4.0/24",
            "customer_owned_ipv4_pool": "",
            "enable_dns64": false,
            "enable_lni_at_device_index": 0,
            "enable_resource_name_dns_a_record_on_launch": false,
            "enable_resource_name_dns_aaaa_record_on_launch": false,
            "id": "subnet-02be2e391196b3182",
            "ipv6_cidr_block": "",
            "ipv6_cidr_block_association_id": "",
            "ipv6_native": false,
            "map_customer_owned_ip_on_launch": false,
            "map_public_ip_on_launch": false,
            "outpost_arn": "",
            "owner_id": "961906078703",
            "private_dns_hostname_type_on_launch": "ip-name",
            "region": "eu-west-1",
            "tags": {
              "Name": "vpc_terraform-private-subnet-1"
            },
            "tags_all": {
              "Name": "vpc_terraform-private-subnet-1"
            },
            "timeouts": null,
            "vpc_id": "vpc-0922e39da420cd8ae"
          },
          "sensitive_attributes": [],
          "identity_schema_version": 0,
          "identity": {
            "account_id": "961906078703",
            "id": "subnet-02be2e391196b3182",
            "region": "eu-west-1"
          },
          "private": "eyJlMmJmYjczMC1lY2FhLTExZTYtOGY4OC0zNDM2M2JjN2M0YzAiOnsiY3JlYXRlIjo2MDAwMDAwMDAwMDAsImRlbGV0ZSI6MTIwMDAwMDAwMDAwMH0sInNjaGVtYV92ZXJzaW9uIjoiMSJ9",
          "dependencies": ["module.vpc.aws_vpc.main"]
        },
        {
          "index_key": 1,
          "schema_version": 1,
          "attributes": {
            "arn": "arn:aws:ec2:eu-west-1:961906078703:subnet/subnet-097ca5abe8297d248",
            "assign_ipv6_address_on_creation": false,
            "availability_zone": "eu-west-1b",
            "availability_zone_id": "euw1-az3",
            "cidr_block": "10.0.5.0/24",
            "customer_owned_ipv4_pool": "",
            "enable_dns64": false,
            "enable_lni_at_device_index": 0,
            "enable_resource_name_dns_a_record_on_launch": false,
            "enable_resource_name_dns_aaaa_record_on_launch": false,
            "id": "subnet-097ca5abe8297d248",
            "ipv6_cidr_block": "",
            "ipv6_cidr_block_association_id": "",
            "ipv6_native": false,
            "map_customer_owned_ip_on_launch": false,
            "map_public_ip_on_launch": false,
            "outpost_arn": "",
            "owner_id": "961906078703",
            "private_dns_hostname_type_on_launch": "ip-name",
            "region": "eu-west-1",
            "tags": {
              "Name": "vpc_terraform-private-subnet-2"
            },
            "tags_all": {
              "Name": "vpc_terraform-private-subnet-2"
            },
            "timeouts": null,
            "vpc_id": "vpc-0922e39da420cd8ae"
          },
          "sensitive_attributes": [],
          "identity_schema_version": 0,
          "identity": {
            "account_id": "961906078703",
            "id": "subnet-097ca5abe8297d248",
            "region": "eu-west-1"
          },
          "private": "eyJlMmJmYjczMC1lY2FhLTExZTYtOGY4OC0zNDM2M2JjN2M0YzAiOnsiY3JlYXRlIjo2MDAwMDAwMDAwMDAsImRlbGV0ZSI6MTIwMDAwMDAwMDAwMH0sInNjaGVtYV92ZXJzaW9uIjoiMSJ9",
          "dependencies": ["module.vpc.aws_vpc.main"]
        },
        {
          "index_key": 2,
          "schema_version": 1,
          "attributes": {
            "arn": "arn:aws:ec2:eu-west-1:961906078703:subnet/subnet-0bf7433197d3d8565",
            "assign_ipv6_address_on_creation": false,
            "availability_zone": "eu-west-1c",
            "availability_zone_id": "euw1-az1",
            "cidr_block": "10.0.6.0/24",
            "customer_owned_ipv4_pool": "",
            "enable_dns64": false,
            "enable_lni_at_device_index": 0,
            "enable_resource_name_dns_a_record_on_launch": false,
            "enable_resource_name_dns_aaaa_record_on_launch": false,
            "id": "subnet-0bf7433197d3d8565",
            "ipv6_cidr_block": "",
            "ipv6_cidr_block_association_id": "",
            "ipv6_native": false,
            "map_customer_owned_ip_on_launch": false,
            "map_public_ip_on_launch": false,
            "outpost_arn": "",
            "owner_id": "961906078703",
            "private_dns_hostname_type_on_launch": "ip-name",
            "region": "eu-west-1",
            "tags": {
              "Name": "vpc_terraform-private-subnet-3"
            },
            "tags_all": {
              "Name": "vpc_terraform-private-subnet-3"
            },
            "timeouts": null,
            "vpc_id": "vpc-0922e39da420cd8ae"
          },
          "sensitive_attributes": [],
          "identity_schema_version": 0,
          "identity": {
            "account_id": "961906078703",
            "id": "subnet-0bf7433197d3d8565",
            "region": "eu-west-1"
          },
          "private": "eyJlMmJmYjczMC1lY2FhLTExZTYtOGY4OC0zNDM2M2JjN2M0YzAiOnsiY3JlYXRlIjo2MDAwMDAwMDAwMDAsImRlbGV0ZSI6MTIwMDAwMDAwMDAwMH0sInNjaGVtYV92ZXJzaW9uIjoiMSJ9",
          "dependencies": ["module.vpc.aws_vpc.main"]
        }
      ]
    },
    {
      "module": "module.vpc",
      "mode": "managed",
      "type": "aws_subnet",
      "name": "public",
      "provider": "provider[\"registry.terraform.io/hashicorp/aws\"]",
      "instances": [
        {
          "index_key": 0,
          "schema_version": 1,
          "attributes": {
            "arn": "arn:aws:ec2:eu-west-1:961906078703:subnet/subnet-0459d1b1bacec506d",
            "assign_ipv6_address_on_creation": false,
            "availability_zone": "eu-west-1a",
            "availability_zone_id": "euw1-az2",
            "cidr_block": "10.0.1.0/24",
            "customer_owned_ipv4_pool": "",
            "enable_dns64": false,
            "enable_lni_at_device_index": 0,
            "enable_resource_name_dns_a_record_on_launch": false,
            "enable_resource_name_dns_aaaa_record_on_launch": false,
            "id": "subnet-0459d1b1bacec506d",
            "ipv6_cidr_block": "",
            "ipv6_cidr_block_association_id": "",
            "ipv6_native": false,
            "map_customer_owned_ip_on_launch": false,
            "map_public_ip_on_launch": true,
            "outpost_arn": "",
            "owner_id": "961906078703",
            "private_dns_hostname_type_on_launch": "ip-name",
            "region": "eu-west-1",
            "tags": {
              "Name": "vpc_terraform-public-subnet-1"
            },
            "tags_all": {
              "Name": "vpc_terraform-public-subnet-1"
            },
            "timeouts": null,
            "vpc_id": "vpc-0922e39da420cd8ae"
          },
          "sensitive_attributes": [],
          "identity_schema_version": 0,
          "identity": {
            "account_id": "961906078703",
            "id": "subnet-0459d1b1bacec506d",
            "region": "eu-west-1"
          },
          "private": "eyJlMmJmYjczMC1lY2FhLTExZTYtOGY4OC0zNDM2M2JjN2M0YzAiOnsiY3JlYXRlIjo2MDAwMDAwMDAwMDAsImRlbGV0ZSI6MTIwMDAwMDAwMDAwMH0sInNjaGVtYV92ZXJzaW9uIjoiMSJ9",
          "dependencies": ["module.vpc.aws_vpc.main"]
        },
        {
          "index_key": 1,
          "schema_version": 1,
          "attributes": {
            "arn": "arn:aws:ec2:eu-west-1:961906078703:subnet/subnet-064c1b31628e51787",
            "assign_ipv6_address_on_creation": false,
            "availability_zone": "eu-west-1b",
            "availability_zone_id": "euw1-az3",
            "cidr_block": "10.0.2.0/24",
            "customer_owned_ipv4_pool": "",
            "enable_dns64": false,
            "enable_lni_at_device_index": 0,
            "enable_resource_name_dns_a_record_on_launch": false,
            "enable_resource_name_dns_aaaa_record_on_launch": false,
            "id": "subnet-064c1b31628e51787",
            "ipv6_cidr_block": "",
            "ipv6_cidr_block_association_id": "",
            "ipv6_native": false,
            "map_customer_owned_ip_on_launch": false,
            "map_public_ip_on_launch": true,
            "outpost_arn": "",
            "owner_id": "961906078703",
            "private_dns_hostname_type_on_launch": "ip-name",
            "region": "eu-west-1",
            "tags": {
              "Name": "vpc_terraform-public-subnet-2"
            },
            "tags_all": {
              "Name": "vpc_terraform-public-subnet-2"
            },
            "timeouts": null,
            "vpc_id": "vpc-0922e39da420cd8ae"
          },
          "sensitive_attributes": [],
          "identity_schema_version": 0,
          "identity": {
            "account_id": "961906078703",
            "id": "subnet-064c1b31628e51787",
            "region": "eu-west-1"
          },
          "private": "eyJlMmJmYjczMC1lY2FhLTExZTYtOGY4OC0zNDM2M2JjN2M0YzAiOnsiY3JlYXRlIjo2MDAwMDAwMDAwMDAsImRlbGV0ZSI6MTIwMDAwMDAwMDAwMH0sInNjaGVtYV92ZXJzaW9uIjoiMSJ9",
          "dependencies": ["module.vpc.aws_vpc.main"]
        },
        {
          "index_key": 2,
          "schema_version": 1,
          "attributes": {
            "arn": "arn:aws:ec2:eu-west-1:961906078703:subnet/subnet-0123fce1cfa5e1e77",
            "assign_ipv6_address_on_creation": false,
            "availability_zone": "eu-west-1c",
            "availability_zone_id": "euw1-az1",
            "cidr_block": "10.0.3.0/24",
            "customer_owned_ipv4_pool": "",
            "enable_dns64": false,
            "enable_lni_at_device_index": 0,
            "enable_resource_name_dns_a_record_on_launch": false,
            "enable_resource_name_dns_aaaa_record_on_launch": false,
            "id": "subnet-0123fce1cfa5e1e77",
            "ipv6_cidr_block": "",
            "ipv6_cidr_block_association_id": "",
            "ipv6_native": false,
            "map_customer_owned_ip_on_launch": false,
            "map_public_ip_on_launch": true,
            "outpost_arn": "",
            "owner_id": "961906078703",
            "private_dns_hostname_type_on_launch": "ip-name",
            "region": "eu-west-1",
            "tags": {
              "Name": "vpc_terraform-public-subnet-3"
            },
            "tags_all": {
              "Name": "vpc_terraform-public-subnet-3"
            },
            "timeouts": null,
            "vpc_id": "vpc-0922e39da420cd8ae"
          },
          "sensitive_attributes": [],
          "identity_schema_version": 0,
          "identity": {
            "account_id": "961906078703",
            "id": "subnet-0123fce1cfa5e1e77",
            "region": "eu-west-1"
          },
          "private": "eyJlMmJmYjczMC1lY2FhLTExZTYtOGY4OC0zNDM2M2JjN2M0YzAiOnsiY3JlYXRlIjo2MDAwMDAwMDAwMDAsImRlbGV0ZSI6MTIwMDAwMDAwMDAwMH0sInNjaGVtYV92ZXJzaW9uIjoiMSJ9",
          "dependencies": ["module.vpc.aws_vpc.main"]
        }
      ]
    },
    {
      "module": "module.vpc",
      "mode": "managed",
      "type": "aws_vpc",
      "name": "main",
      "provider": "provider[\"registry.terraform.io/hashicorp/aws\"]",
      "instances": [
        {
          "schema_version": 1,
          "attributes": {
            "arn": "arn:aws:ec2:eu-west-1:961906078703:vpc/vpc-0922e39da420cd8ae",
            "assign_generated_ipv6_cidr_block": false,
            "cidr_block": "10.0.0.0/16",
            "default_network_acl_id": "acl-0c78a2baacc2a8afa",
            "default_route_table_id": "rtb-0a8f24d16bc57f7a3",
            "default_security_group_id": "sg-0037e30a3f939cbe6",
            "dhcp_options_id": "dopt-059c782b1336c3d80",
            "enable_dns_hostnames": true,
            "enable_dns_support": true,
            "enable_network_address_usage_metrics": false,
            "id": "vpc-0922e39da420cd8ae",
            "instance_tenancy": "default",
            "ipv4_ipam_pool_id": null,
            "ipv4_netmask_length": null,
            "ipv6_association_id": "",
            "ipv6_cidr_block": "",
            "ipv6_cidr_block_network_border_group": "",
            "ipv6_ipam_pool_id": "",
            "ipv6_netmask_length": 0,
            "main_route_table_id": "rtb-0a8f24d16bc57f7a3",
            "owner_id": "961906078703",
            "region": "eu-west-1",
            "tags": {
              "Name": "vpc_terraform-vpc"
            },
            "tags_all": {
              "Name": "vpc_terraform-vpc"
            }
          },
          "sensitive_attributes": [],
          "identity_schema_version": 0,
          "identity": {
            "account_id": "961906078703",
            "id": "vpc-0922e39da420cd8ae",
            "region": "eu-west-1"
          },
          "private": "eyJzY2hlbWFfdmVyc2lvbiI6IjEifQ=="
        }
      ]
    }
  ],
  "check_results": null
}
